// !$*UTF8*$!
{
	archiveVersion = 1;
	classes = {
	};
	objectVersion = 46;
	objects = {

/* Begin PBXBuildFile section */
		5E21E305B912DE761C65F817 /* Pods_traprTests.framework in Frameworks */ = {isa = PBXBuildFile; fileRef = 091A08517706BFB528BF6370 /* Pods_traprTests.framework */; };
		699D613385EE2884367110A5 /* Pods_trapr.framework in Frameworks */ = {isa = PBXBuildFile; fileRef = 7475BC73C1B9E9749C3B6277 /* Pods_trapr.framework */; };
		D80268831FA1757400A1372F /* VisitDelegate.swift in Sources */ = {isa = PBXBuildFile; fileRef = D80268821FA1757400A1372F /* VisitDelegate.swift */; };
		D80344311FA192D400F44A17 /* StepperTableViewCellDelegate.swift in Sources */ = {isa = PBXBuildFile; fileRef = D80344301FA192D400F44A17 /* StepperTableViewCellDelegate.swift */; };
		D8039E251FABF458006E394B /* ListPickerDisplayData.swift in Sources */ = {isa = PBXBuildFile; fileRef = D8039E1F1FABF458006E394B /* ListPickerDisplayData.swift */; };
		D8039E261FABF458006E394B /* ListPickerInteractor.swift in Sources */ = {isa = PBXBuildFile; fileRef = D8039E201FABF458006E394B /* ListPickerInteractor.swift */; };
		D8039E271FABF458006E394B /* ListPickerModuleApi.swift in Sources */ = {isa = PBXBuildFile; fileRef = D8039E211FABF458006E394B /* ListPickerModuleApi.swift */; };
		D8039E281FABF458006E394B /* ListPickerPresenter.swift in Sources */ = {isa = PBXBuildFile; fileRef = D8039E221FABF458006E394B /* ListPickerPresenter.swift */; };
		D8039E291FABF458006E394B /* ListPickerRouter.swift in Sources */ = {isa = PBXBuildFile; fileRef = D8039E231FABF458006E394B /* ListPickerRouter.swift */; };
		D8039E2A1FABF458006E394B /* ListPickerView.swift in Sources */ = {isa = PBXBuildFile; fileRef = D8039E241FABF458006E394B /* ListPickerView.swift */; };
		D8039E2C1FABF577006E394B /* ListPickerDelegate.swift in Sources */ = {isa = PBXBuildFile; fileRef = D8039E2B1FABF577006E394B /* ListPickerDelegate.swift */; };
		D8039E2F1FABF671006E394B /* RouterExtension.swift in Sources */ = {isa = PBXBuildFile; fileRef = D8039E2E1FABF671006E394B /* RouterExtension.swift */; };
		D8039E311FABF6B9006E394B /* ListPickerSetupData.swift in Sources */ = {isa = PBXBuildFile; fileRef = D8039E301FABF6B9006E394B /* ListPickerSetupData.swift */; };
		D806C7EA1F9C881F0064C98F /* GroupedTableViewDatasource.swift in Sources */ = {isa = PBXBuildFile; fileRef = D806C7E91F9C881F0064C98F /* GroupedTableViewDatasource.swift */; };
		D806C7EC1F9D95320064C98F /* GroupedTableViewDatasourceTests.swift in Sources */ = {isa = PBXBuildFile; fileRef = D806C7EB1F9D95320064C98F /* GroupedTableViewDatasourceTests.swift */; };
		D80B6DCB1F9F3DCD00F49E9E /* VisitLogDisplayData.swift in Sources */ = {isa = PBXBuildFile; fileRef = D80B6DC51F9F3DCD00F49E9E /* VisitLogDisplayData.swift */; };
		D80B6DCC1F9F3DCD00F49E9E /* VisitLogInteractor.swift in Sources */ = {isa = PBXBuildFile; fileRef = D80B6DC61F9F3DCD00F49E9E /* VisitLogInteractor.swift */; };
		D80B6DCD1F9F3DCD00F49E9E /* VisitLogModuleApi.swift in Sources */ = {isa = PBXBuildFile; fileRef = D80B6DC71F9F3DCD00F49E9E /* VisitLogModuleApi.swift */; };
		D80B6DCE1F9F3DCD00F49E9E /* VisitLogPresenter.swift in Sources */ = {isa = PBXBuildFile; fileRef = D80B6DC81F9F3DCD00F49E9E /* VisitLogPresenter.swift */; };
		D80B6DCF1F9F3DCD00F49E9E /* VisitLogRouter.swift in Sources */ = {isa = PBXBuildFile; fileRef = D80B6DC91F9F3DCD00F49E9E /* VisitLogRouter.swift */; };
		D80B6DD01F9F3DCD00F49E9E /* VisitLogView.swift in Sources */ = {isa = PBXBuildFile; fileRef = D80B6DCA1F9F3DCD00F49E9E /* VisitLogView.swift */; };
		D80BCD3D1F91D041005F30FF /* MenuItemView.swift in Sources */ = {isa = PBXBuildFile; fileRef = D80BCD3C1F91D041005F30FF /* MenuItemView.swift */; };
		D80F7ECE1F6E79BF00814A52 /* TraplineServiceInterface.swift in Sources */ = {isa = PBXBuildFile; fileRef = D80F7ECD1F6E79BF00814A52 /* TraplineServiceInterface.swift */; };
		D80F7ED01F6E7A9300814A52 /* TraplineService.swift in Sources */ = {isa = PBXBuildFile; fileRef = D80F7ECF1F6E7A9300814A52 /* TraplineService.swift */; };
		D80F7ED31F6E87D500814A52 /* DataPopulatorService.swift in Sources */ = {isa = PBXBuildFile; fileRef = D80F7ED21F6E87D500814A52 /* DataPopulatorService.swift */; };
		D80F7ED91F6E92C700814A52 /* TrapServiceInterface.swift in Sources */ = {isa = PBXBuildFile; fileRef = D80F7ED81F6E92C700814A52 /* TrapServiceInterface.swift */; };
		D80F7EDB1F6EF89700814A52 /* Station.swift in Sources */ = {isa = PBXBuildFile; fileRef = D80F7EDA1F6EF89700814A52 /* Station.swift */; };
		D814319A1F8CBD5E00EAF5FD /* show.png in Resources */ = {isa = PBXBuildFile; fileRef = D81431981F8CBD5E00EAF5FD /* show.png */; };
		D814319B1F8CBD5E00EAF5FD /* show@2x.png in Resources */ = {isa = PBXBuildFile; fileRef = D81431991F8CBD5E00EAF5FD /* show@2x.png */; };
		D81431A31F8DDB2600EAF5FD /* DatePickerInteractor.swift in Sources */ = {isa = PBXBuildFile; fileRef = D814319D1F8DDB2600EAF5FD /* DatePickerInteractor.swift */; };
		D81431A41F8DDB2600EAF5FD /* DatePickerModuleApi.swift in Sources */ = {isa = PBXBuildFile; fileRef = D814319E1F8DDB2600EAF5FD /* DatePickerModuleApi.swift */; };
		D81431A51F8DDB2600EAF5FD /* DatePickerPresenter.swift in Sources */ = {isa = PBXBuildFile; fileRef = D814319F1F8DDB2600EAF5FD /* DatePickerPresenter.swift */; };
		D81431A61F8DDB2600EAF5FD /* DatePickerRouter.swift in Sources */ = {isa = PBXBuildFile; fileRef = D81431A01F8DDB2600EAF5FD /* DatePickerRouter.swift */; };
		D81431A71F8DDB2600EAF5FD /* DatePickerView.swift in Sources */ = {isa = PBXBuildFile; fileRef = D81431A11F8DDB2600EAF5FD /* DatePickerView.swift */; };
		D81431AA1F8E020900EAF5FD /* DatePickerDisplayData.swift in Sources */ = {isa = PBXBuildFile; fileRef = D81431A91F8E020900EAF5FD /* DatePickerDisplayData.swift */; };
		D81818701F7F795B008362BA /* AppModules.swift in Sources */ = {isa = PBXBuildFile; fileRef = D818186F1F7F795B008362BA /* AppModules.swift */; };
		D81883791F6931C600A74B5E /* Species.swift in Sources */ = {isa = PBXBuildFile; fileRef = D81883781F6931C600A74B5E /* Species.swift */; };
		D81DAAEF1F68643400C7C987 /* VisitService.swift in Sources */ = {isa = PBXBuildFile; fileRef = D81DAAEE1F68643400C7C987 /* VisitService.swift */; };
		D81DAAF11F68652E00C7C987 /* Trap.swift in Sources */ = {isa = PBXBuildFile; fileRef = D81DAAF01F68652E00C7C987 /* Trap.swift */; };
		D81DAAF31F68659100C7C987 /* VisitServiceInterface.swift in Sources */ = {isa = PBXBuildFile; fileRef = D81DAAF21F68659100C7C987 /* VisitServiceInterface.swift */; };
		D81DAAF51F6865DB00C7C987 /* Trapline.swift in Sources */ = {isa = PBXBuildFile; fileRef = D81DAAF41F6865DB00C7C987 /* Trapline.swift */; };
		D81DAAF71F686EA800C7C987 /* ServiceFactory.swift in Sources */ = {isa = PBXBuildFile; fileRef = D81DAAF61F686EA800C7C987 /* ServiceFactory.swift */; };
		D83089581FA18815007C9316 /* StepperTableViewCell.xib in Resources */ = {isa = PBXBuildFile; fileRef = D83089571FA18815007C9316 /* StepperTableViewCell.xib */; };
		D830895A1FA189AC007C9316 /* StepperTableViewCell.swift in Sources */ = {isa = PBXBuildFile; fileRef = D83089591FA189AC007C9316 /* StepperTableViewCell.swift */; };
		D835E0741FAC0CC300A4664B /* SpeciesService.swift in Sources */ = {isa = PBXBuildFile; fileRef = D835E0731FAC0CC300A4664B /* SpeciesService.swift */; };
		D83853021F6654CD00481B57 /* NewVisitCollectionViewCell.xib in Resources */ = {isa = PBXBuildFile; fileRef = D83853011F6654CD00481B57 /* NewVisitCollectionViewCell.xib */; };
		D83853041F66555700481B57 /* plus.png in Resources */ = {isa = PBXBuildFile; fileRef = D83853031F66555700481B57 /* plus.png */; };
		D83DC6C81F7F841F00F91792 /* StartDisplayData.swift in Sources */ = {isa = PBXBuildFile; fileRef = D83DC6C11F7F841F00F91792 /* StartDisplayData.swift */; };
		D83DC6C91F7F841F00F91792 /* StartInteractor.swift in Sources */ = {isa = PBXBuildFile; fileRef = D83DC6C21F7F841F00F91792 /* StartInteractor.swift */; };
		D83DC6CA1F7F841F00F91792 /* StartModuleApi.swift in Sources */ = {isa = PBXBuildFile; fileRef = D83DC6C31F7F841F00F91792 /* StartModuleApi.swift */; };
		D83DC6CB1F7F841F00F91792 /* StartPresenter.swift in Sources */ = {isa = PBXBuildFile; fileRef = D83DC6C41F7F841F00F91792 /* StartPresenter.swift */; };
		D83DC6CC1F7F841F00F91792 /* StartRouter.swift in Sources */ = {isa = PBXBuildFile; fileRef = D83DC6C51F7F841F00F91792 /* StartRouter.swift */; };
		D83DC6CD1F7F841F00F91792 /* StartView.swift in Sources */ = {isa = PBXBuildFile; fileRef = D83DC6C61F7F841F00F91792 /* StartView.swift */; };
		D841CF261F8239CA004D0207 /* TraplineSelectDisplayData.swift in Sources */ = {isa = PBXBuildFile; fileRef = D841CF201F8239CA004D0207 /* TraplineSelectDisplayData.swift */; };
		D841CF271F8239CA004D0207 /* TraplineSelectInteractor.swift in Sources */ = {isa = PBXBuildFile; fileRef = D841CF211F8239CA004D0207 /* TraplineSelectInteractor.swift */; };
		D841CF281F8239CA004D0207 /* TraplineSelectModuleApi.swift in Sources */ = {isa = PBXBuildFile; fileRef = D841CF221F8239CA004D0207 /* TraplineSelectModuleApi.swift */; };
		D841CF291F8239CA004D0207 /* TraplineSelectPresenter.swift in Sources */ = {isa = PBXBuildFile; fileRef = D841CF231F8239CA004D0207 /* TraplineSelectPresenter.swift */; };
		D841CF2A1F8239CA004D0207 /* TraplineSelectRouter.swift in Sources */ = {isa = PBXBuildFile; fileRef = D841CF241F8239CA004D0207 /* TraplineSelectRouter.swift */; };
		D841CF2B1F8239CA004D0207 /* TraplineSelectView.swift in Sources */ = {isa = PBXBuildFile; fileRef = D841CF251F8239CA004D0207 /* TraplineSelectView.swift */; };
		D849B6201F96C8E100CE2085 /* RouteServiceInterface.swift in Sources */ = {isa = PBXBuildFile; fileRef = D849B61F1F96C8E100CE2085 /* RouteServiceInterface.swift */; };
		D849B6221F96C91100CE2085 /* RouteService.swift in Sources */ = {isa = PBXBuildFile; fileRef = D849B6211F96C91100CE2085 /* RouteService.swift */; };
		D84CE45A1F987CC30000D422 /* pelifeed.png in Resources */ = {isa = PBXBuildFile; fileRef = D84CE4581F987CC30000D422 /* pelifeed.png */; };
		D84CE45B1F987CC30000D422 /* pelifeed@2x.png in Resources */ = {isa = PBXBuildFile; fileRef = D84CE4591F987CC30000D422 /* pelifeed@2x.png */; };
		D8503DC41F66807C00ED0C84 /* VisitInteractor.swift in Sources */ = {isa = PBXBuildFile; fileRef = D8503DBB1F66807C00ED0C84 /* VisitInteractor.swift */; };
		D8503DC81F66807C00ED0C84 /* VisitPresenter.swift in Sources */ = {isa = PBXBuildFile; fileRef = D8503DBF1F66807C00ED0C84 /* VisitPresenter.swift */; };
		D8503DCE1F669B1F00ED0C84 /* DateExtention.swift in Sources */ = {isa = PBXBuildFile; fileRef = D8503DCD1F669B1F00ED0C84 /* DateExtention.swift */; };
		D8503DD01F669F8500ED0C84 /* Visit.swift in Sources */ = {isa = PBXBuildFile; fileRef = D8503DCF1F669F8500ED0C84 /* Visit.swift */; };
		D8503DD81F67AF7800ED0C84 /* user.png in Resources */ = {isa = PBXBuildFile; fileRef = D8503DD71F67AF7800ED0C84 /* user.png */; };
		D857B3A81F81B86A006E1402 /* VisitDisplayData.swift in Sources */ = {isa = PBXBuildFile; fileRef = D857B3A41F81B86A006E1402 /* VisitDisplayData.swift */; };
		D857B3A91F81B86A006E1402 /* VisitModuleApi.swift in Sources */ = {isa = PBXBuildFile; fileRef = D857B3A51F81B86A006E1402 /* VisitModuleApi.swift */; };
		D857B3AA1F81B86A006E1402 /* VisitRouter.swift in Sources */ = {isa = PBXBuildFile; fileRef = D857B3A61F81B86A006E1402 /* VisitRouter.swift */; };
		D857B3AB1F81B86A006E1402 /* VisitView.swift in Sources */ = {isa = PBXBuildFile; fileRef = D857B3A71F81B86A006E1402 /* VisitView.swift */; };
		D86CE4781F91DBC5004A09EF /* MenuDivider.swift in Sources */ = {isa = PBXBuildFile; fileRef = D86CE4771F91DBC5004A09EF /* MenuDivider.swift */; };
		D86CE4831F92BC6F004A09EF /* map.png in Resources */ = {isa = PBXBuildFile; fileRef = D86CE47B1F92BC6C004A09EF /* map.png */; };
		D86CE4841F92BC6F004A09EF /* map@2x.png in Resources */ = {isa = PBXBuildFile; fileRef = D86CE47C1F92BC6D004A09EF /* map@2x.png */; };
		D86CE4851F92BC6F004A09EF /* settings.png in Resources */ = {isa = PBXBuildFile; fileRef = D86CE47D1F92BC6D004A09EF /* settings.png */; };
		D86CE4861F92BC6F004A09EF /* sync.png in Resources */ = {isa = PBXBuildFile; fileRef = D86CE47E1F92BC6D004A09EF /* sync.png */; };
		D86CE4871F92BC6F004A09EF /* sync@2x.png in Resources */ = {isa = PBXBuildFile; fileRef = D86CE47F1F92BC6E004A09EF /* sync@2x.png */; };
		D86CE4881F92BC6F004A09EF /* settings@2x.png in Resources */ = {isa = PBXBuildFile; fileRef = D86CE4801F92BC6E004A09EF /* settings@2x.png */; };
		D86CE4891F92BC6F004A09EF /* home@2x.png in Resources */ = {isa = PBXBuildFile; fileRef = D86CE4811F92BC6E004A09EF /* home@2x.png */; };
		D86CE48A1F92BC6F004A09EF /* home.png in Resources */ = {isa = PBXBuildFile; fileRef = D86CE4821F92BC6E004A09EF /* home.png */; };
		D86CE48C1F92C8EA004A09EF /* UIFontExtension.swift in Sources */ = {isa = PBXBuildFile; fileRef = D86CE48B1F92C8EA004A09EF /* UIFontExtension.swift */; };
		D87C44ED1F8F4C2400CAFC7A /* DatePickerDelegate.swift in Sources */ = {isa = PBXBuildFile; fileRef = D87C44EC1F8F4C2400CAFC7A /* DatePickerDelegate.swift */; };
		D87C44EF1F8F545F00CAFC7A /* DatePickerSetupData.swift in Sources */ = {isa = PBXBuildFile; fileRef = D87C44EE1F8F545F00CAFC7A /* DatePickerSetupData.swift */; };
		D87C44F61F9059AF00CAFC7A /* SideMenuDisplayData.swift in Sources */ = {isa = PBXBuildFile; fileRef = D87C44F01F9059AF00CAFC7A /* SideMenuDisplayData.swift */; };
		D87C44F71F9059AF00CAFC7A /* SideMenuInteractor.swift in Sources */ = {isa = PBXBuildFile; fileRef = D87C44F11F9059AF00CAFC7A /* SideMenuInteractor.swift */; };
		D87C44F81F9059AF00CAFC7A /* SideMenuModuleApi.swift in Sources */ = {isa = PBXBuildFile; fileRef = D87C44F21F9059AF00CAFC7A /* SideMenuModuleApi.swift */; };
		D87C44F91F9059AF00CAFC7A /* SideMenuPresenter.swift in Sources */ = {isa = PBXBuildFile; fileRef = D87C44F31F9059AF00CAFC7A /* SideMenuPresenter.swift */; };
		D87C44FA1F9059AF00CAFC7A /* SideMenuRouter.swift in Sources */ = {isa = PBXBuildFile; fileRef = D87C44F41F9059AF00CAFC7A /* SideMenuRouter.swift */; };
		D87C44FB1F9059AF00CAFC7A /* SideMenuView.swift in Sources */ = {isa = PBXBuildFile; fileRef = D87C44F51F9059AF00CAFC7A /* SideMenuView.swift */; };
		D87E5BF51F88CCAA0055A3E0 /* TraplineSelectDelegate.swift in Sources */ = {isa = PBXBuildFile; fileRef = D87E5BF41F88CCAA0055A3E0 /* TraplineSelectDelegate.swift */; };
		D89311FF1F834F6E008DF09D /* StationSelectDisplayData.swift in Sources */ = {isa = PBXBuildFile; fileRef = D89311F91F834F6E008DF09D /* StationSelectDisplayData.swift */; };
		D89312001F834F6E008DF09D /* StationSelectInteractor.swift in Sources */ = {isa = PBXBuildFile; fileRef = D89311FA1F834F6E008DF09D /* StationSelectInteractor.swift */; };
		D89312011F834F6F008DF09D /* StationSelectModuleApi.swift in Sources */ = {isa = PBXBuildFile; fileRef = D89311FB1F834F6E008DF09D /* StationSelectModuleApi.swift */; };
		D89312021F834F6F008DF09D /* StationSelectPresenter.swift in Sources */ = {isa = PBXBuildFile; fileRef = D89311FC1F834F6E008DF09D /* StationSelectPresenter.swift */; };
		D89312031F834F6F008DF09D /* StationSelectRouter.swift in Sources */ = {isa = PBXBuildFile; fileRef = D89311FD1F834F6E008DF09D /* StationSelectRouter.swift */; };
		D89312041F834F6F008DF09D /* StationSelectView.swift in Sources */ = {isa = PBXBuildFile; fileRef = D89311FE1F834F6E008DF09D /* StationSelectView.swift */; };
		D8953EBC1F88114F00A1F424 /* NewVisitDisplayData.swift in Sources */ = {isa = PBXBuildFile; fileRef = D8953EB61F88114E00A1F424 /* NewVisitDisplayData.swift */; };
		D8953EBD1F88114F00A1F424 /* NewVisitInteractor.swift in Sources */ = {isa = PBXBuildFile; fileRef = D8953EB71F88114E00A1F424 /* NewVisitInteractor.swift */; };
		D8953EBE1F88114F00A1F424 /* NewVisitModuleApi.swift in Sources */ = {isa = PBXBuildFile; fileRef = D8953EB81F88114E00A1F424 /* NewVisitModuleApi.swift */; };
		D8953EBF1F88114F00A1F424 /* NewVisitPresenter.swift in Sources */ = {isa = PBXBuildFile; fileRef = D8953EB91F88114E00A1F424 /* NewVisitPresenter.swift */; };
		D8953EC01F88114F00A1F424 /* NewVisitRouter.swift in Sources */ = {isa = PBXBuildFile; fileRef = D8953EBA1F88114E00A1F424 /* NewVisitRouter.swift */; };
		D8953EC11F88114F00A1F424 /* NewVisitView.swift in Sources */ = {isa = PBXBuildFile; fileRef = D8953EBB1F88114E00A1F424 /* NewVisitView.swift */; };
		D897149E1F70CCCB00E846B9 /* traplineTests.swift in Sources */ = {isa = PBXBuildFile; fileRef = D897149D1F70CCCB00E846B9 /* traplineTests.swift */; };
		D89714A01F70CFB800E846B9 /* DataService.swift in Sources */ = {isa = PBXBuildFile; fileRef = D897149F1F70CFB800E846B9 /* DataService.swift */; };
		D89714A21F737B6A00E846B9 /* visitTests.swift in Sources */ = {isa = PBXBuildFile; fileRef = D89714A11F737B6A00E846B9 /* visitTests.swift */; };
		D89714A41F76197D00E846B9 /* Service.swift in Sources */ = {isa = PBXBuildFile; fileRef = D89714A31F76197C00E846B9 /* Service.swift */; };
		D89714A61F76200B00E846B9 /* ApplicationServiceInterface.swift in Sources */ = {isa = PBXBuildFile; fileRef = D89714A51F76200B00E846B9 /* ApplicationServiceInterface.swift */; };
		D89714A81F76202E00E846B9 /* ApplicationService.swift in Sources */ = {isa = PBXBuildFile; fileRef = D89714A71F76202E00E846B9 /* ApplicationService.swift */; };
		D89714AA1F7751B300E846B9 /* DataPopulatorServiceInterface.swift in Sources */ = {isa = PBXBuildFile; fileRef = D89714A91F7751B300E846B9 /* DataPopulatorServiceInterface.swift */; };
		D89714AC1F77FEED00E846B9 /* TrapSectionIndexPath.swift in Sources */ = {isa = PBXBuildFile; fileRef = D89714AB1F77FEED00E846B9 /* TrapSectionIndexPath.swift */; };
		D89714AF1F7898A800E846B9 /* MenuItem.swift in Sources */ = {isa = PBXBuildFile; fileRef = D89714AE1F7898A800E846B9 /* MenuItem.swift */; };
		D89714C01F7A0C5D00E846B9 /* ImageCollectionViewCell.xib in Resources */ = {isa = PBXBuildFile; fileRef = D89714BF1F7A0C5D00E846B9 /* ImageCollectionViewCell.xib */; };
		D89714C21F7A0E4700E846B9 /* ImageCollectionViewCell.swift in Sources */ = {isa = PBXBuildFile; fileRef = D89714C11F7A0E4700E846B9 /* ImageCollectionViewCell.swift */; };
		D8B1480A1F9552D9000AB414 /* Route.swift in Sources */ = {isa = PBXBuildFile; fileRef = D8B148091F9552D9000AB414 /* Route.swift */; };
		D8B1480C1F955E5B000AB414 /* routeTests.swift in Sources */ = {isa = PBXBuildFile; fileRef = D8B1480B1F955E5B000AB414 /* routeTests.swift */; };
		D8B73C301F97F4D8000C231E /* possumMaster@2x.png in Resources */ = {isa = PBXBuildFile; fileRef = D8B73C2E1F97F4D8000C231E /* possumMaster@2x.png */; };
		D8B73C311F97F4D8000C231E /* possumMaster.png in Resources */ = {isa = PBXBuildFile; fileRef = D8B73C2F1F97F4D8000C231E /* possumMaster.png */; };
		D8B94D591F5EA1FE00D373EF /* AppDelegate.swift in Sources */ = {isa = PBXBuildFile; fileRef = D8B94D581F5EA1FE00D373EF /* AppDelegate.swift */; };
		D8B94D601F5EA1FE00D373EF /* Assets.xcassets in Resources */ = {isa = PBXBuildFile; fileRef = D8B94D5F1F5EA1FE00D373EF /* Assets.xcassets */; };
		D8B94D631F5EA1FE00D373EF /* LaunchScreen.storyboard in Resources */ = {isa = PBXBuildFile; fileRef = D8B94D611F5EA1FE00D373EF /* LaunchScreen.storyboard */; };
		D8B94D6E1F5EA1FE00D373EF /* dateTests.swift in Sources */ = {isa = PBXBuildFile; fileRef = D8B94D6D1F5EA1FE00D373EF /* dateTests.swift */; };
		D8B94D7A1F5EA54300D373EF /* Styles.swift in Sources */ = {isa = PBXBuildFile; fileRef = D8B94D791F5EA54300D373EF /* Styles.swift */; };
		D8B94D7C1F5EA56F00D373EF /* UIColorExtension.swift in Sources */ = {isa = PBXBuildFile; fileRef = D8B94D7B1F5EA56F00D373EF /* UIColorExtension.swift */; };
		D8B94D9C1F5F30CD00D373EF /* menu.png in Resources */ = {isa = PBXBuildFile; fileRef = D8B94D9A1F5F30CD00D373EF /* menu.png */; };
		D8B94D9D1F5F30CD00D373EF /* menu@2x.png in Resources */ = {isa = PBXBuildFile; fileRef = D8B94D9B1F5F30CD00D373EF /* menu@2x.png */; };
		D8BC08461F6A541200B284EE /* greaterthan.png in Resources */ = {isa = PBXBuildFile; fileRef = D8BC08441F6A541200B284EE /* greaterthan.png */; };
		D8BC08471F6A541200B284EE /* lessthan.png in Resources */ = {isa = PBXBuildFile; fileRef = D8BC08451F6A541200B284EE /* lessthan.png */; };
		D8BC084A1F6A542700B284EE /* greaterthan@2x.png in Resources */ = {isa = PBXBuildFile; fileRef = D8BC08481F6A542700B284EE /* greaterthan@2x.png */; };
		D8BC084B1F6A542700B284EE /* lessthan@2x.png in Resources */ = {isa = PBXBuildFile; fileRef = D8BC08491F6A542700B284EE /* lessthan@2x.png */; };
		D8BC084F1F6B143800B284EE /* TrapType.swift in Sources */ = {isa = PBXBuildFile; fileRef = D8BC084E1F6B143800B284EE /* TrapType.swift */; };
		D8C51A731F96D67200D3571A /* MultiselectTableViewHeader.swift in Sources */ = {isa = PBXBuildFile; fileRef = D8C51A721F96D67200D3571A /* MultiselectTableViewHeader.swift */; };
		D8D1A0381FAE629C00926CEF /* SpeciesTests.swift in Sources */ = {isa = PBXBuildFile; fileRef = D8D1A0371FAE629C00926CEF /* SpeciesTests.swift */; };
		D8D1A03C1FAF081E00926CEF /* TrapTypeService.swift in Sources */ = {isa = PBXBuildFile; fileRef = D8D1A03B1FAF081E00926CEF /* TrapTypeService.swift */; };
		D8D1A0401FAF0CE800926CEF /* Lure.swift in Sources */ = {isa = PBXBuildFile; fileRef = D8D1A03F1FAF0CE800926CEF /* Lure.swift */; };
		D8D1A0441FAF0DC300926CEF /* LureService.swift in Sources */ = {isa = PBXBuildFile; fileRef = D8D1A0431FAF0DC300926CEF /* LureService.swift */; };
		D8D1A0471FAF16B000926CEF /* LookupObject.swift in Sources */ = {isa = PBXBuildFile; fileRef = D8D1A0461FAF16B000926CEF /* LookupObject.swift */; };
		D8D1A0491FAF219E00926CEF /* LookupService.swift in Sources */ = {isa = PBXBuildFile; fileRef = D8D1A0481FAF219E00926CEF /* LookupService.swift */; };
		D8D729DE1F61C9CC0082CD4A /* VisitSummary.swift in Sources */ = {isa = PBXBuildFile; fileRef = D8D729DD1F61C9CC0082CD4A /* VisitSummary.swift */; };
		D8D729E21F61D7D30082CD4A /* VisitCollectionViewCell.swift in Sources */ = {isa = PBXBuildFile; fileRef = D8D729E11F61D7D30082CD4A /* VisitCollectionViewCell.swift */; };
		D8D729E41F61D91C0082CD4A /* VisitCollectionViewCell.xib in Resources */ = {isa = PBXBuildFile; fileRef = D8D729E31F61D91C0082CD4A /* VisitCollectionViewCell.xib */; };
		D8D729E61F64BD580082CD4A /* Podfile in Resources */ = {isa = PBXBuildFile; fileRef = D8D729E51F64BD580082CD4A /* Podfile */; };
		D8E86B3E1FACF95B003BFD54 /* ServiceInterface.swift in Sources */ = {isa = PBXBuildFile; fileRef = D8E86B3D1FACF95B003BFD54 /* ServiceInterface.swift */; };
		D8FA5CF51F8406D600EC890C /* close.png in Resources */ = {isa = PBXBuildFile; fileRef = D8FA5CF31F8406D600EC890C /* close.png */; };
		D8FA5CF61F8406D600EC890C /* close@2x.png in Resources */ = {isa = PBXBuildFile; fileRef = D8FA5CF41F8406D600EC890C /* close@2x.png */; };
		D8FA5CF81F8409A700EC890C /* StationSelectSetupData.swift in Sources */ = {isa = PBXBuildFile; fileRef = D8FA5CF71F8409A700EC890C /* StationSelectSetupData.swift */; };
/* End PBXBuildFile section */

/* Begin PBXContainerItemProxy section */
		D8B94D6A1F5EA1FE00D373EF /* PBXContainerItemProxy */ = {
			isa = PBXContainerItemProxy;
			containerPortal = D8B94D4D1F5EA1FE00D373EF /* Project object */;
			proxyType = 1;
			remoteGlobalIDString = D8B94D541F5EA1FE00D373EF;
			remoteInfo = trapr;
		};
/* End PBXContainerItemProxy section */

/* Begin PBXFileReference section */
		091A08517706BFB528BF6370 /* Pods_traprTests.framework */ = {isa = PBXFileReference; explicitFileType = wrapper.framework; includeInIndex = 0; path = Pods_traprTests.framework; sourceTree = BUILT_PRODUCTS_DIR; };
		3401E9024D5468D5D0E7B342 /* Pods-trapr.release.xcconfig */ = {isa = PBXFileReference; includeInIndex = 1; lastKnownFileType = text.xcconfig; name = "Pods-trapr.release.xcconfig"; path = "Pods/Target Support Files/Pods-trapr/Pods-trapr.release.xcconfig"; sourceTree = "<group>"; };
		7475BC73C1B9E9749C3B6277 /* Pods_trapr.framework */ = {isa = PBXFileReference; explicitFileType = wrapper.framework; includeInIndex = 0; path = Pods_trapr.framework; sourceTree = BUILT_PRODUCTS_DIR; };
		97E006917605C37E780CC0B5 /* Pods-traprTests.release.xcconfig */ = {isa = PBXFileReference; includeInIndex = 1; lastKnownFileType = text.xcconfig; name = "Pods-traprTests.release.xcconfig"; path = "Pods/Target Support Files/Pods-traprTests/Pods-traprTests.release.xcconfig"; sourceTree = "<group>"; };
		A13BAE40424D5A9104CB3D85 /* Pods-trapr.debug.xcconfig */ = {isa = PBXFileReference; includeInIndex = 1; lastKnownFileType = text.xcconfig; name = "Pods-trapr.debug.xcconfig"; path = "Pods/Target Support Files/Pods-trapr/Pods-trapr.debug.xcconfig"; sourceTree = "<group>"; };
		CB1480E579A12578A4F8D74D /* Pods-traprTests.debug.xcconfig */ = {isa = PBXFileReference; includeInIndex = 1; lastKnownFileType = text.xcconfig; name = "Pods-traprTests.debug.xcconfig"; path = "Pods/Target Support Files/Pods-traprTests/Pods-traprTests.debug.xcconfig"; sourceTree = "<group>"; };
		D80268821FA1757400A1372F /* VisitDelegate.swift */ = {isa = PBXFileReference; lastKnownFileType = sourcecode.swift; path = VisitDelegate.swift; sourceTree = "<group>"; };
		D80344301FA192D400F44A17 /* StepperTableViewCellDelegate.swift */ = {isa = PBXFileReference; lastKnownFileType = sourcecode.swift; path = StepperTableViewCellDelegate.swift; sourceTree = "<group>"; };
		D8039E1F1FABF458006E394B /* ListPickerDisplayData.swift */ = {isa = PBXFileReference; lastKnownFileType = sourcecode.swift; path = ListPickerDisplayData.swift; sourceTree = "<group>"; };
		D8039E201FABF458006E394B /* ListPickerInteractor.swift */ = {isa = PBXFileReference; lastKnownFileType = sourcecode.swift; path = ListPickerInteractor.swift; sourceTree = "<group>"; };
		D8039E211FABF458006E394B /* ListPickerModuleApi.swift */ = {isa = PBXFileReference; lastKnownFileType = sourcecode.swift; path = ListPickerModuleApi.swift; sourceTree = "<group>"; };
		D8039E221FABF458006E394B /* ListPickerPresenter.swift */ = {isa = PBXFileReference; lastKnownFileType = sourcecode.swift; path = ListPickerPresenter.swift; sourceTree = "<group>"; };
		D8039E231FABF458006E394B /* ListPickerRouter.swift */ = {isa = PBXFileReference; lastKnownFileType = sourcecode.swift; path = ListPickerRouter.swift; sourceTree = "<group>"; };
		D8039E241FABF458006E394B /* ListPickerView.swift */ = {isa = PBXFileReference; lastKnownFileType = sourcecode.swift; path = ListPickerView.swift; sourceTree = "<group>"; };
		D8039E2B1FABF577006E394B /* ListPickerDelegate.swift */ = {isa = PBXFileReference; lastKnownFileType = sourcecode.swift; path = ListPickerDelegate.swift; sourceTree = "<group>"; };
		D8039E2E1FABF671006E394B /* RouterExtension.swift */ = {isa = PBXFileReference; lastKnownFileType = sourcecode.swift; path = RouterExtension.swift; sourceTree = "<group>"; };
		D8039E301FABF6B9006E394B /* ListPickerSetupData.swift */ = {isa = PBXFileReference; lastKnownFileType = sourcecode.swift; path = ListPickerSetupData.swift; sourceTree = "<group>"; };
		D806C7E91F9C881F0064C98F /* GroupedTableViewDatasource.swift */ = {isa = PBXFileReference; lastKnownFileType = sourcecode.swift; path = GroupedTableViewDatasource.swift; sourceTree = "<group>"; };
		D806C7EB1F9D95320064C98F /* GroupedTableViewDatasourceTests.swift */ = {isa = PBXFileReference; lastKnownFileType = sourcecode.swift; path = GroupedTableViewDatasourceTests.swift; sourceTree = "<group>"; };
		D80B6DC51F9F3DCD00F49E9E /* VisitLogDisplayData.swift */ = {isa = PBXFileReference; lastKnownFileType = sourcecode.swift; path = VisitLogDisplayData.swift; sourceTree = "<group>"; };
		D80B6DC61F9F3DCD00F49E9E /* VisitLogInteractor.swift */ = {isa = PBXFileReference; lastKnownFileType = sourcecode.swift; path = VisitLogInteractor.swift; sourceTree = "<group>"; };
		D80B6DC71F9F3DCD00F49E9E /* VisitLogModuleApi.swift */ = {isa = PBXFileReference; lastKnownFileType = sourcecode.swift; path = VisitLogModuleApi.swift; sourceTree = "<group>"; };
		D80B6DC81F9F3DCD00F49E9E /* VisitLogPresenter.swift */ = {isa = PBXFileReference; lastKnownFileType = sourcecode.swift; path = VisitLogPresenter.swift; sourceTree = "<group>"; };
		D80B6DC91F9F3DCD00F49E9E /* VisitLogRouter.swift */ = {isa = PBXFileReference; lastKnownFileType = sourcecode.swift; path = VisitLogRouter.swift; sourceTree = "<group>"; };
		D80B6DCA1F9F3DCD00F49E9E /* VisitLogView.swift */ = {isa = PBXFileReference; lastKnownFileType = sourcecode.swift; path = VisitLogView.swift; sourceTree = "<group>"; };
		D80BCD3C1F91D041005F30FF /* MenuItemView.swift */ = {isa = PBXFileReference; lastKnownFileType = sourcecode.swift; path = MenuItemView.swift; sourceTree = "<group>"; };
		D80F7ECD1F6E79BF00814A52 /* TraplineServiceInterface.swift */ = {isa = PBXFileReference; fileEncoding = 4; lastKnownFileType = sourcecode.swift; path = TraplineServiceInterface.swift; sourceTree = "<group>"; };
		D80F7ECF1F6E7A9300814A52 /* TraplineService.swift */ = {isa = PBXFileReference; fileEncoding = 4; lastKnownFileType = sourcecode.swift; path = TraplineService.swift; sourceTree = "<group>"; };
		D80F7ED21F6E87D500814A52 /* DataPopulatorService.swift */ = {isa = PBXFileReference; fileEncoding = 4; lastKnownFileType = sourcecode.swift; path = DataPopulatorService.swift; sourceTree = "<group>"; };
		D80F7ED81F6E92C700814A52 /* TrapServiceInterface.swift */ = {isa = PBXFileReference; fileEncoding = 4; lastKnownFileType = sourcecode.swift; path = TrapServiceInterface.swift; sourceTree = "<group>"; };
		D80F7EDA1F6EF89700814A52 /* Station.swift */ = {isa = PBXFileReference; fileEncoding = 4; lastKnownFileType = sourcecode.swift; path = Station.swift; sourceTree = "<group>"; };
		D81431981F8CBD5E00EAF5FD /* show.png */ = {isa = PBXFileReference; lastKnownFileType = image.png; path = show.png; sourceTree = "<group>"; };
		D81431991F8CBD5E00EAF5FD /* show@2x.png */ = {isa = PBXFileReference; lastKnownFileType = image.png; path = "show@2x.png"; sourceTree = "<group>"; };
		D814319D1F8DDB2600EAF5FD /* DatePickerInteractor.swift */ = {isa = PBXFileReference; lastKnownFileType = sourcecode.swift; path = DatePickerInteractor.swift; sourceTree = "<group>"; };
		D814319E1F8DDB2600EAF5FD /* DatePickerModuleApi.swift */ = {isa = PBXFileReference; lastKnownFileType = sourcecode.swift; path = DatePickerModuleApi.swift; sourceTree = "<group>"; };
		D814319F1F8DDB2600EAF5FD /* DatePickerPresenter.swift */ = {isa = PBXFileReference; lastKnownFileType = sourcecode.swift; path = DatePickerPresenter.swift; sourceTree = "<group>"; };
		D81431A01F8DDB2600EAF5FD /* DatePickerRouter.swift */ = {isa = PBXFileReference; lastKnownFileType = sourcecode.swift; path = DatePickerRouter.swift; sourceTree = "<group>"; };
		D81431A11F8DDB2600EAF5FD /* DatePickerView.swift */ = {isa = PBXFileReference; lastKnownFileType = sourcecode.swift; path = DatePickerView.swift; sourceTree = "<group>"; };
		D81431A91F8E020900EAF5FD /* DatePickerDisplayData.swift */ = {isa = PBXFileReference; lastKnownFileType = sourcecode.swift; path = DatePickerDisplayData.swift; sourceTree = "<group>"; };
		D818186F1F7F795B008362BA /* AppModules.swift */ = {isa = PBXFileReference; lastKnownFileType = sourcecode.swift; path = AppModules.swift; sourceTree = "<group>"; };
		D81883781F6931C600A74B5E /* Species.swift */ = {isa = PBXFileReference; fileEncoding = 4; lastKnownFileType = sourcecode.swift; path = Species.swift; sourceTree = "<group>"; };
		D81DAAEE1F68643400C7C987 /* VisitService.swift */ = {isa = PBXFileReference; fileEncoding = 4; lastKnownFileType = sourcecode.swift; path = VisitService.swift; sourceTree = "<group>"; };
		D81DAAF01F68652E00C7C987 /* Trap.swift */ = {isa = PBXFileReference; fileEncoding = 4; lastKnownFileType = sourcecode.swift; path = Trap.swift; sourceTree = "<group>"; };
		D81DAAF21F68659100C7C987 /* VisitServiceInterface.swift */ = {isa = PBXFileReference; fileEncoding = 4; lastKnownFileType = sourcecode.swift; path = VisitServiceInterface.swift; sourceTree = "<group>"; };
		D81DAAF41F6865DB00C7C987 /* Trapline.swift */ = {isa = PBXFileReference; fileEncoding = 4; lastKnownFileType = sourcecode.swift; path = Trapline.swift; sourceTree = "<group>"; };
		D81DAAF61F686EA800C7C987 /* ServiceFactory.swift */ = {isa = PBXFileReference; fileEncoding = 4; lastKnownFileType = sourcecode.swift; path = ServiceFactory.swift; sourceTree = "<group>"; };
		D83089571FA18815007C9316 /* StepperTableViewCell.xib */ = {isa = PBXFileReference; lastKnownFileType = file.xib; path = StepperTableViewCell.xib; sourceTree = "<group>"; };
		D83089591FA189AC007C9316 /* StepperTableViewCell.swift */ = {isa = PBXFileReference; lastKnownFileType = sourcecode.swift; path = StepperTableViewCell.swift; sourceTree = "<group>"; };
		D835E0731FAC0CC300A4664B /* SpeciesService.swift */ = {isa = PBXFileReference; lastKnownFileType = sourcecode.swift; path = SpeciesService.swift; sourceTree = "<group>"; };
		D83853001F64C66B00481B57 /* Trapr-Bridging-Header.h */ = {isa = PBXFileReference; lastKnownFileType = sourcecode.c.h; path = "Trapr-Bridging-Header.h"; sourceTree = "<group>"; };
		D83853011F6654CD00481B57 /* NewVisitCollectionViewCell.xib */ = {isa = PBXFileReference; fileEncoding = 4; lastKnownFileType = file.xib; path = NewVisitCollectionViewCell.xib; sourceTree = "<group>"; };
		D83853031F66555700481B57 /* plus.png */ = {isa = PBXFileReference; lastKnownFileType = image.png; path = plus.png; sourceTree = "<group>"; };
		D83DC6C11F7F841F00F91792 /* StartDisplayData.swift */ = {isa = PBXFileReference; lastKnownFileType = sourcecode.swift; path = StartDisplayData.swift; sourceTree = "<group>"; };
		D83DC6C21F7F841F00F91792 /* StartInteractor.swift */ = {isa = PBXFileReference; lastKnownFileType = sourcecode.swift; path = StartInteractor.swift; sourceTree = "<group>"; };
		D83DC6C31F7F841F00F91792 /* StartModuleApi.swift */ = {isa = PBXFileReference; lastKnownFileType = sourcecode.swift; path = StartModuleApi.swift; sourceTree = "<group>"; };
		D83DC6C41F7F841F00F91792 /* StartPresenter.swift */ = {isa = PBXFileReference; lastKnownFileType = sourcecode.swift; path = StartPresenter.swift; sourceTree = "<group>"; };
		D83DC6C51F7F841F00F91792 /* StartRouter.swift */ = {isa = PBXFileReference; lastKnownFileType = sourcecode.swift; path = StartRouter.swift; sourceTree = "<group>"; };
		D83DC6C61F7F841F00F91792 /* StartView.swift */ = {isa = PBXFileReference; lastKnownFileType = sourcecode.swift; path = StartView.swift; sourceTree = "<group>"; };
		D841CF201F8239CA004D0207 /* TraplineSelectDisplayData.swift */ = {isa = PBXFileReference; lastKnownFileType = sourcecode.swift; path = TraplineSelectDisplayData.swift; sourceTree = "<group>"; };
		D841CF211F8239CA004D0207 /* TraplineSelectInteractor.swift */ = {isa = PBXFileReference; lastKnownFileType = sourcecode.swift; path = TraplineSelectInteractor.swift; sourceTree = "<group>"; };
		D841CF221F8239CA004D0207 /* TraplineSelectModuleApi.swift */ = {isa = PBXFileReference; lastKnownFileType = sourcecode.swift; path = TraplineSelectModuleApi.swift; sourceTree = "<group>"; };
		D841CF231F8239CA004D0207 /* TraplineSelectPresenter.swift */ = {isa = PBXFileReference; lastKnownFileType = sourcecode.swift; path = TraplineSelectPresenter.swift; sourceTree = "<group>"; };
		D841CF241F8239CA004D0207 /* TraplineSelectRouter.swift */ = {isa = PBXFileReference; lastKnownFileType = sourcecode.swift; path = TraplineSelectRouter.swift; sourceTree = "<group>"; };
		D841CF251F8239CA004D0207 /* TraplineSelectView.swift */ = {isa = PBXFileReference; lastKnownFileType = sourcecode.swift; path = TraplineSelectView.swift; sourceTree = "<group>"; };
		D849B61F1F96C8E100CE2085 /* RouteServiceInterface.swift */ = {isa = PBXFileReference; lastKnownFileType = sourcecode.swift; path = RouteServiceInterface.swift; sourceTree = "<group>"; };
		D849B6211F96C91100CE2085 /* RouteService.swift */ = {isa = PBXFileReference; lastKnownFileType = sourcecode.swift; path = RouteService.swift; sourceTree = "<group>"; };
		D84CE4581F987CC30000D422 /* pelifeed.png */ = {isa = PBXFileReference; lastKnownFileType = image.png; path = pelifeed.png; sourceTree = "<group>"; };
		D84CE4591F987CC30000D422 /* pelifeed@2x.png */ = {isa = PBXFileReference; lastKnownFileType = image.png; path = "pelifeed@2x.png"; sourceTree = "<group>"; };
		D8503DBB1F66807C00ED0C84 /* VisitInteractor.swift */ = {isa = PBXFileReference; fileEncoding = 4; lastKnownFileType = sourcecode.swift; path = VisitInteractor.swift; sourceTree = "<group>"; };
		D8503DBF1F66807C00ED0C84 /* VisitPresenter.swift */ = {isa = PBXFileReference; fileEncoding = 4; lastKnownFileType = sourcecode.swift; path = VisitPresenter.swift; sourceTree = "<group>"; };
		D8503DCD1F669B1F00ED0C84 /* DateExtention.swift */ = {isa = PBXFileReference; fileEncoding = 4; lastKnownFileType = sourcecode.swift; path = DateExtention.swift; sourceTree = "<group>"; };
		D8503DCF1F669F8500ED0C84 /* Visit.swift */ = {isa = PBXFileReference; fileEncoding = 4; lastKnownFileType = sourcecode.swift; path = Visit.swift; sourceTree = "<group>"; };
		D8503DD71F67AF7800ED0C84 /* user.png */ = {isa = PBXFileReference; lastKnownFileType = image.png; path = user.png; sourceTree = "<group>"; };
		D857B3A41F81B86A006E1402 /* VisitDisplayData.swift */ = {isa = PBXFileReference; lastKnownFileType = sourcecode.swift; path = VisitDisplayData.swift; sourceTree = "<group>"; };
		D857B3A51F81B86A006E1402 /* VisitModuleApi.swift */ = {isa = PBXFileReference; lastKnownFileType = sourcecode.swift; path = VisitModuleApi.swift; sourceTree = "<group>"; };
		D857B3A61F81B86A006E1402 /* VisitRouter.swift */ = {isa = PBXFileReference; lastKnownFileType = sourcecode.swift; path = VisitRouter.swift; sourceTree = "<group>"; };
		D857B3A71F81B86A006E1402 /* VisitView.swift */ = {isa = PBXFileReference; lastKnownFileType = sourcecode.swift; path = VisitView.swift; sourceTree = "<group>"; };
		D86CE4771F91DBC5004A09EF /* MenuDivider.swift */ = {isa = PBXFileReference; lastKnownFileType = sourcecode.swift; path = MenuDivider.swift; sourceTree = "<group>"; };
		D86CE47B1F92BC6C004A09EF /* map.png */ = {isa = PBXFileReference; lastKnownFileType = image.png; path = map.png; sourceTree = "<group>"; };
		D86CE47C1F92BC6D004A09EF /* map@2x.png */ = {isa = PBXFileReference; lastKnownFileType = image.png; path = "map@2x.png"; sourceTree = "<group>"; };
		D86CE47D1F92BC6D004A09EF /* settings.png */ = {isa = PBXFileReference; lastKnownFileType = image.png; path = settings.png; sourceTree = "<group>"; };
		D86CE47E1F92BC6D004A09EF /* sync.png */ = {isa = PBXFileReference; lastKnownFileType = image.png; path = sync.png; sourceTree = "<group>"; };
		D86CE47F1F92BC6E004A09EF /* sync@2x.png */ = {isa = PBXFileReference; lastKnownFileType = image.png; path = "sync@2x.png"; sourceTree = "<group>"; };
		D86CE4801F92BC6E004A09EF /* settings@2x.png */ = {isa = PBXFileReference; lastKnownFileType = image.png; path = "settings@2x.png"; sourceTree = "<group>"; };
		D86CE4811F92BC6E004A09EF /* home@2x.png */ = {isa = PBXFileReference; lastKnownFileType = image.png; path = "home@2x.png"; sourceTree = "<group>"; };
		D86CE4821F92BC6E004A09EF /* home.png */ = {isa = PBXFileReference; lastKnownFileType = image.png; path = home.png; sourceTree = "<group>"; };
		D86CE48B1F92C8EA004A09EF /* UIFontExtension.swift */ = {isa = PBXFileReference; lastKnownFileType = sourcecode.swift; path = UIFontExtension.swift; sourceTree = "<group>"; };
		D87C44EC1F8F4C2400CAFC7A /* DatePickerDelegate.swift */ = {isa = PBXFileReference; lastKnownFileType = sourcecode.swift; path = DatePickerDelegate.swift; sourceTree = "<group>"; };
		D87C44EE1F8F545F00CAFC7A /* DatePickerSetupData.swift */ = {isa = PBXFileReference; lastKnownFileType = sourcecode.swift; path = DatePickerSetupData.swift; sourceTree = "<group>"; };
		D87C44F01F9059AF00CAFC7A /* SideMenuDisplayData.swift */ = {isa = PBXFileReference; lastKnownFileType = sourcecode.swift; path = SideMenuDisplayData.swift; sourceTree = "<group>"; };
		D87C44F11F9059AF00CAFC7A /* SideMenuInteractor.swift */ = {isa = PBXFileReference; lastKnownFileType = sourcecode.swift; path = SideMenuInteractor.swift; sourceTree = "<group>"; };
		D87C44F21F9059AF00CAFC7A /* SideMenuModuleApi.swift */ = {isa = PBXFileReference; lastKnownFileType = sourcecode.swift; path = SideMenuModuleApi.swift; sourceTree = "<group>"; };
		D87C44F31F9059AF00CAFC7A /* SideMenuPresenter.swift */ = {isa = PBXFileReference; lastKnownFileType = sourcecode.swift; path = SideMenuPresenter.swift; sourceTree = "<group>"; };
		D87C44F41F9059AF00CAFC7A /* SideMenuRouter.swift */ = {isa = PBXFileReference; lastKnownFileType = sourcecode.swift; path = SideMenuRouter.swift; sourceTree = "<group>"; };
		D87C44F51F9059AF00CAFC7A /* SideMenuView.swift */ = {isa = PBXFileReference; lastKnownFileType = sourcecode.swift; path = SideMenuView.swift; sourceTree = "<group>"; };
		D87E5BF41F88CCAA0055A3E0 /* TraplineSelectDelegate.swift */ = {isa = PBXFileReference; lastKnownFileType = sourcecode.swift; path = TraplineSelectDelegate.swift; sourceTree = "<group>"; };
		D89311F91F834F6E008DF09D /* StationSelectDisplayData.swift */ = {isa = PBXFileReference; lastKnownFileType = sourcecode.swift; path = StationSelectDisplayData.swift; sourceTree = "<group>"; };
		D89311FA1F834F6E008DF09D /* StationSelectInteractor.swift */ = {isa = PBXFileReference; lastKnownFileType = sourcecode.swift; path = StationSelectInteractor.swift; sourceTree = "<group>"; };
		D89311FB1F834F6E008DF09D /* StationSelectModuleApi.swift */ = {isa = PBXFileReference; lastKnownFileType = sourcecode.swift; path = StationSelectModuleApi.swift; sourceTree = "<group>"; };
		D89311FC1F834F6E008DF09D /* StationSelectPresenter.swift */ = {isa = PBXFileReference; lastKnownFileType = sourcecode.swift; path = StationSelectPresenter.swift; sourceTree = "<group>"; };
		D89311FD1F834F6E008DF09D /* StationSelectRouter.swift */ = {isa = PBXFileReference; lastKnownFileType = sourcecode.swift; path = StationSelectRouter.swift; sourceTree = "<group>"; };
		D89311FE1F834F6E008DF09D /* StationSelectView.swift */ = {isa = PBXFileReference; lastKnownFileType = sourcecode.swift; path = StationSelectView.swift; sourceTree = "<group>"; };
		D8953EB61F88114E00A1F424 /* NewVisitDisplayData.swift */ = {isa = PBXFileReference; lastKnownFileType = sourcecode.swift; path = NewVisitDisplayData.swift; sourceTree = "<group>"; };
		D8953EB71F88114E00A1F424 /* NewVisitInteractor.swift */ = {isa = PBXFileReference; lastKnownFileType = sourcecode.swift; path = NewVisitInteractor.swift; sourceTree = "<group>"; };
		D8953EB81F88114E00A1F424 /* NewVisitModuleApi.swift */ = {isa = PBXFileReference; lastKnownFileType = sourcecode.swift; path = NewVisitModuleApi.swift; sourceTree = "<group>"; };
		D8953EB91F88114E00A1F424 /* NewVisitPresenter.swift */ = {isa = PBXFileReference; lastKnownFileType = sourcecode.swift; path = NewVisitPresenter.swift; sourceTree = "<group>"; };
		D8953EBA1F88114E00A1F424 /* NewVisitRouter.swift */ = {isa = PBXFileReference; lastKnownFileType = sourcecode.swift; path = NewVisitRouter.swift; sourceTree = "<group>"; };
		D8953EBB1F88114E00A1F424 /* NewVisitView.swift */ = {isa = PBXFileReference; lastKnownFileType = sourcecode.swift; path = NewVisitView.swift; sourceTree = "<group>"; };
		D897149D1F70CCCB00E846B9 /* traplineTests.swift */ = {isa = PBXFileReference; fileEncoding = 4; lastKnownFileType = sourcecode.swift; path = traplineTests.swift; sourceTree = "<group>"; };
		D897149F1F70CFB800E846B9 /* DataService.swift */ = {isa = PBXFileReference; fileEncoding = 4; lastKnownFileType = sourcecode.swift; path = DataService.swift; sourceTree = "<group>"; };
		D89714A11F737B6A00E846B9 /* visitTests.swift */ = {isa = PBXFileReference; fileEncoding = 4; lastKnownFileType = sourcecode.swift; path = visitTests.swift; sourceTree = "<group>"; };
		D89714A31F76197C00E846B9 /* Service.swift */ = {isa = PBXFileReference; fileEncoding = 4; lastKnownFileType = sourcecode.swift; path = Service.swift; sourceTree = "<group>"; };
		D89714A51F76200B00E846B9 /* ApplicationServiceInterface.swift */ = {isa = PBXFileReference; fileEncoding = 4; lastKnownFileType = sourcecode.swift; path = ApplicationServiceInterface.swift; sourceTree = "<group>"; };
		D89714A71F76202E00E846B9 /* ApplicationService.swift */ = {isa = PBXFileReference; fileEncoding = 4; lastKnownFileType = sourcecode.swift; path = ApplicationService.swift; sourceTree = "<group>"; };
		D89714A91F7751B300E846B9 /* DataPopulatorServiceInterface.swift */ = {isa = PBXFileReference; fileEncoding = 4; lastKnownFileType = sourcecode.swift; path = DataPopulatorServiceInterface.swift; sourceTree = "<group>"; };
		D89714AB1F77FEED00E846B9 /* TrapSectionIndexPath.swift */ = {isa = PBXFileReference; fileEncoding = 4; lastKnownFileType = sourcecode.swift; path = TrapSectionIndexPath.swift; sourceTree = "<group>"; };
		D89714AE1F7898A800E846B9 /* MenuItem.swift */ = {isa = PBXFileReference; fileEncoding = 4; lastKnownFileType = sourcecode.swift; path = MenuItem.swift; sourceTree = "<group>"; };
		D89714BF1F7A0C5D00E846B9 /* ImageCollectionViewCell.xib */ = {isa = PBXFileReference; fileEncoding = 4; lastKnownFileType = file.xib; path = ImageCollectionViewCell.xib; sourceTree = "<group>"; };
		D89714C11F7A0E4700E846B9 /* ImageCollectionViewCell.swift */ = {isa = PBXFileReference; fileEncoding = 4; lastKnownFileType = sourcecode.swift; path = ImageCollectionViewCell.swift; sourceTree = "<group>"; };
		D8B148091F9552D9000AB414 /* Route.swift */ = {isa = PBXFileReference; lastKnownFileType = sourcecode.swift; path = Route.swift; sourceTree = "<group>"; };
		D8B1480B1F955E5B000AB414 /* routeTests.swift */ = {isa = PBXFileReference; lastKnownFileType = sourcecode.swift; path = routeTests.swift; sourceTree = "<group>"; };
		D8B73C2E1F97F4D8000C231E /* possumMaster@2x.png */ = {isa = PBXFileReference; lastKnownFileType = image.png; path = "possumMaster@2x.png"; sourceTree = "<group>"; };
		D8B73C2F1F97F4D8000C231E /* possumMaster.png */ = {isa = PBXFileReference; lastKnownFileType = image.png; path = possumMaster.png; sourceTree = "<group>"; };
		D8B94D551F5EA1FE00D373EF /* trapr.app */ = {isa = PBXFileReference; explicitFileType = wrapper.application; includeInIndex = 0; path = trapr.app; sourceTree = BUILT_PRODUCTS_DIR; };
		D8B94D581F5EA1FE00D373EF /* AppDelegate.swift */ = {isa = PBXFileReference; lastKnownFileType = sourcecode.swift; path = AppDelegate.swift; sourceTree = "<group>"; };
		D8B94D5F1F5EA1FE00D373EF /* Assets.xcassets */ = {isa = PBXFileReference; lastKnownFileType = folder.assetcatalog; path = Assets.xcassets; sourceTree = "<group>"; };
		D8B94D621F5EA1FE00D373EF /* Base */ = {isa = PBXFileReference; lastKnownFileType = file.storyboard; name = Base; path = Base.lproj/LaunchScreen.storyboard; sourceTree = "<group>"; };
		D8B94D641F5EA1FE00D373EF /* Info.plist */ = {isa = PBXFileReference; lastKnownFileType = text.plist.xml; path = Info.plist; sourceTree = "<group>"; };
		D8B94D691F5EA1FE00D373EF /* traprTests.xctest */ = {isa = PBXFileReference; explicitFileType = wrapper.cfbundle; includeInIndex = 0; path = traprTests.xctest; sourceTree = BUILT_PRODUCTS_DIR; };
		D8B94D6D1F5EA1FE00D373EF /* dateTests.swift */ = {isa = PBXFileReference; lastKnownFileType = sourcecode.swift; path = dateTests.swift; sourceTree = "<group>"; };
		D8B94D6F1F5EA1FE00D373EF /* Info.plist */ = {isa = PBXFileReference; lastKnownFileType = text.plist.xml; path = Info.plist; sourceTree = "<group>"; };
		D8B94D791F5EA54300D373EF /* Styles.swift */ = {isa = PBXFileReference; fileEncoding = 4; lastKnownFileType = sourcecode.swift; path = Styles.swift; sourceTree = "<group>"; };
		D8B94D7B1F5EA56F00D373EF /* UIColorExtension.swift */ = {isa = PBXFileReference; fileEncoding = 4; lastKnownFileType = sourcecode.swift; path = UIColorExtension.swift; sourceTree = "<group>"; };
		D8B94D9A1F5F30CD00D373EF /* menu.png */ = {isa = PBXFileReference; lastKnownFileType = image.png; path = menu.png; sourceTree = "<group>"; };
		D8B94D9B1F5F30CD00D373EF /* menu@2x.png */ = {isa = PBXFileReference; lastKnownFileType = image.png; path = "menu@2x.png"; sourceTree = "<group>"; };
		D8BC08441F6A541200B284EE /* greaterthan.png */ = {isa = PBXFileReference; lastKnownFileType = image.png; path = greaterthan.png; sourceTree = "<group>"; };
		D8BC08451F6A541200B284EE /* lessthan.png */ = {isa = PBXFileReference; lastKnownFileType = image.png; path = lessthan.png; sourceTree = "<group>"; };
		D8BC08481F6A542700B284EE /* greaterthan@2x.png */ = {isa = PBXFileReference; lastKnownFileType = image.png; path = "greaterthan@2x.png"; sourceTree = "<group>"; };
		D8BC08491F6A542700B284EE /* lessthan@2x.png */ = {isa = PBXFileReference; lastKnownFileType = image.png; path = "lessthan@2x.png"; sourceTree = "<group>"; };
		D8BC084E1F6B143800B284EE /* TrapType.swift */ = {isa = PBXFileReference; fileEncoding = 4; lastKnownFileType = sourcecode.swift; path = TrapType.swift; sourceTree = "<group>"; };
		D8C51A721F96D67200D3571A /* MultiselectTableViewHeader.swift */ = {isa = PBXFileReference; lastKnownFileType = sourcecode.swift; path = MultiselectTableViewHeader.swift; sourceTree = "<group>"; };
		D8D1A0371FAE629C00926CEF /* SpeciesTests.swift */ = {isa = PBXFileReference; lastKnownFileType = sourcecode.swift; path = SpeciesTests.swift; sourceTree = "<group>"; };
		D8D1A03B1FAF081E00926CEF /* TrapTypeService.swift */ = {isa = PBXFileReference; lastKnownFileType = sourcecode.swift; path = TrapTypeService.swift; sourceTree = "<group>"; };
		D8D1A03F1FAF0CE800926CEF /* Lure.swift */ = {isa = PBXFileReference; lastKnownFileType = sourcecode.swift; path = Lure.swift; sourceTree = "<group>"; };
		D8D1A0431FAF0DC300926CEF /* LureService.swift */ = {isa = PBXFileReference; lastKnownFileType = sourcecode.swift; path = LureService.swift; sourceTree = "<group>"; };
		D8D1A0461FAF16B000926CEF /* LookupObject.swift */ = {isa = PBXFileReference; lastKnownFileType = sourcecode.swift; path = LookupObject.swift; sourceTree = "<group>"; };
		D8D1A0481FAF219E00926CEF /* LookupService.swift */ = {isa = PBXFileReference; lastKnownFileType = sourcecode.swift; path = LookupService.swift; sourceTree = "<group>"; };
		D8D729DD1F61C9CC0082CD4A /* VisitSummary.swift */ = {isa = PBXFileReference; fileEncoding = 4; lastKnownFileType = sourcecode.swift; path = VisitSummary.swift; sourceTree = "<group>"; };
		D8D729E11F61D7D30082CD4A /* VisitCollectionViewCell.swift */ = {isa = PBXFileReference; fileEncoding = 4; lastKnownFileType = sourcecode.swift; path = VisitCollectionViewCell.swift; sourceTree = "<group>"; };
		D8D729E31F61D91C0082CD4A /* VisitCollectionViewCell.xib */ = {isa = PBXFileReference; fileEncoding = 4; lastKnownFileType = file.xib; path = VisitCollectionViewCell.xib; sourceTree = "<group>"; };
		D8D729E51F64BD580082CD4A /* Podfile */ = {isa = PBXFileReference; fileEncoding = 4; lastKnownFileType = text; path = Podfile; sourceTree = "<group>"; xcLanguageSpecificationIdentifier = xcode.lang.ruby; };
		D8E86B3D1FACF95B003BFD54 /* ServiceInterface.swift */ = {isa = PBXFileReference; lastKnownFileType = sourcecode.swift; path = ServiceInterface.swift; sourceTree = "<group>"; };
		D8FA5CF31F8406D600EC890C /* close.png */ = {isa = PBXFileReference; lastKnownFileType = image.png; path = close.png; sourceTree = "<group>"; };
		D8FA5CF41F8406D600EC890C /* close@2x.png */ = {isa = PBXFileReference; lastKnownFileType = image.png; path = "close@2x.png"; sourceTree = "<group>"; };
		D8FA5CF71F8409A700EC890C /* StationSelectSetupData.swift */ = {isa = PBXFileReference; lastKnownFileType = sourcecode.swift; path = StationSelectSetupData.swift; sourceTree = "<group>"; };
/* End PBXFileReference section */

/* Begin PBXFrameworksBuildPhase section */
		D8B94D521F5EA1FE00D373EF /* Frameworks */ = {
			isa = PBXFrameworksBuildPhase;
			buildActionMask = 2147483647;
			files = (
				699D613385EE2884367110A5 /* Pods_trapr.framework in Frameworks */,
			);
			runOnlyForDeploymentPostprocessing = 0;
		};
		D8B94D661F5EA1FE00D373EF /* Frameworks */ = {
			isa = PBXFrameworksBuildPhase;
			buildActionMask = 2147483647;
			files = (
				5E21E305B912DE761C65F817 /* Pods_traprTests.framework in Frameworks */,
			);
			runOnlyForDeploymentPostprocessing = 0;
		};
/* End PBXFrameworksBuildPhase section */

/* Begin PBXGroup section */
		656A900689C7002B49016BF1 /* Frameworks */ = {
			isa = PBXGroup;
			children = (
				7475BC73C1B9E9749C3B6277 /* Pods_trapr.framework */,
				091A08517706BFB528BF6370 /* Pods_traprTests.framework */,
			);
			name = Frameworks;
			sourceTree = "<group>";
		};
		D8039E1E1FABF428006E394B /* ListPicker */ = {
			isa = PBXGroup;
			children = (
				D8039E1F1FABF458006E394B /* ListPickerDisplayData.swift */,
				D8039E201FABF458006E394B /* ListPickerInteractor.swift */,
				D8039E211FABF458006E394B /* ListPickerModuleApi.swift */,
				D8039E221FABF458006E394B /* ListPickerPresenter.swift */,
				D8039E231FABF458006E394B /* ListPickerRouter.swift */,
				D8039E241FABF458006E394B /* ListPickerView.swift */,
				D8039E2B1FABF577006E394B /* ListPickerDelegate.swift */,
				D8039E301FABF6B9006E394B /* ListPickerSetupData.swift */,
			);
			name = ListPicker;
			sourceTree = "<group>";
		};
		D8039E2D1FABF64B006E394B /* Viper */ = {
			isa = PBXGroup;
			children = (
				D818186F1F7F795B008362BA /* AppModules.swift */,
				D8039E2E1FABF671006E394B /* RouterExtension.swift */,
			);
			name = Viper;
			sourceTree = "<group>";
		};
		D80B6DC41F9F3D9200F49E9E /* VisitLog */ = {
			isa = PBXGroup;
			children = (
				D80B6DC51F9F3DCD00F49E9E /* VisitLogDisplayData.swift */,
				D80B6DC61F9F3DCD00F49E9E /* VisitLogInteractor.swift */,
				D80B6DC71F9F3DCD00F49E9E /* VisitLogModuleApi.swift */,
				D80B6DC81F9F3DCD00F49E9E /* VisitLogPresenter.swift */,
				D80B6DC91F9F3DCD00F49E9E /* VisitLogRouter.swift */,
				D80B6DCA1F9F3DCD00F49E9E /* VisitLogView.swift */,
				D83089571FA18815007C9316 /* StepperTableViewCell.xib */,
				D83089591FA189AC007C9316 /* StepperTableViewCell.swift */,
				D80344301FA192D400F44A17 /* StepperTableViewCellDelegate.swift */,
			);
			name = VisitLog;
			sourceTree = "<group>";
		};
		D81431A81F8DDB2E00EAF5FD /* DatePicker */ = {
			isa = PBXGroup;
			children = (
				D81431A91F8E020900EAF5FD /* DatePickerDisplayData.swift */,
				D814319D1F8DDB2600EAF5FD /* DatePickerInteractor.swift */,
				D814319E1F8DDB2600EAF5FD /* DatePickerModuleApi.swift */,
				D814319F1F8DDB2600EAF5FD /* DatePickerPresenter.swift */,
				D81431A01F8DDB2600EAF5FD /* DatePickerRouter.swift */,
				D81431A11F8DDB2600EAF5FD /* DatePickerView.swift */,
				D87C44EC1F8F4C2400CAFC7A /* DatePickerDelegate.swift */,
				D87C44EE1F8F545F00CAFC7A /* DatePickerSetupData.swift */,
			);
			name = DatePicker;
			sourceTree = "<group>";
		};
		D81DAAED1F68641E00C7C987 /* Services */ = {
			isa = PBXGroup;
			children = (
				D8D1A0451FAF12F600926CEF /* Lookups */,
				D89714A71F76202E00E846B9 /* ApplicationService.swift */,
				D89714A51F76200B00E846B9 /* ApplicationServiceInterface.swift */,
				D80F7ED21F6E87D500814A52 /* DataPopulatorService.swift */,
				D89714A91F7751B300E846B9 /* DataPopulatorServiceInterface.swift */,
				D897149F1F70CFB800E846B9 /* DataService.swift */,
				D89714A31F76197C00E846B9 /* Service.swift */,
				D8E86B3D1FACF95B003BFD54 /* ServiceInterface.swift */,
				D81DAAF61F686EA800C7C987 /* ServiceFactory.swift */,
				D80F7ECF1F6E7A9300814A52 /* TraplineService.swift */,
				D80F7ECD1F6E79BF00814A52 /* TraplineServiceInterface.swift */,
				D80F7ED81F6E92C700814A52 /* TrapServiceInterface.swift */,
				D81DAAEE1F68643400C7C987 /* VisitService.swift */,
				D81DAAF21F68659100C7C987 /* VisitServiceInterface.swift */,
				D849B61F1F96C8E100CE2085 /* RouteServiceInterface.swift */,
				D849B6211F96C91100CE2085 /* RouteService.swift */,
			);
			name = Services;
			sourceTree = "<group>";
		};
		D83DC6BF1F7F83D200F91792 /* Start */ = {
			isa = PBXGroup;
			children = (
				D83DC6C11F7F841F00F91792 /* StartDisplayData.swift */,
				D83DC6C21F7F841F00F91792 /* StartInteractor.swift */,
				D83DC6C31F7F841F00F91792 /* StartModuleApi.swift */,
				D83DC6C41F7F841F00F91792 /* StartPresenter.swift */,
				D83DC6C51F7F841F00F91792 /* StartRouter.swift */,
				D83DC6C61F7F841F00F91792 /* StartView.swift */,
				D8D729E11F61D7D30082CD4A /* VisitCollectionViewCell.swift */,
				D8D729E31F61D91C0082CD4A /* VisitCollectionViewCell.xib */,
				D83853011F6654CD00481B57 /* NewVisitCollectionViewCell.xib */,
			);
			name = Start;
			sourceTree = "<group>";
		};
		D841CF1F1F82398D004D0207 /* TraplineSelect */ = {
			isa = PBXGroup;
			children = (
				D841CF201F8239CA004D0207 /* TraplineSelectDisplayData.swift */,
				D841CF211F8239CA004D0207 /* TraplineSelectInteractor.swift */,
				D841CF221F8239CA004D0207 /* TraplineSelectModuleApi.swift */,
				D841CF231F8239CA004D0207 /* TraplineSelectPresenter.swift */,
				D841CF241F8239CA004D0207 /* TraplineSelectRouter.swift */,
				D841CF251F8239CA004D0207 /* TraplineSelectView.swift */,
				D87E5BF41F88CCAA0055A3E0 /* TraplineSelectDelegate.swift */,
			);
			name = TraplineSelect;
			sourceTree = "<group>";
		};
		D8503DD11F669F8B00ED0C84 /* Model */ = {
			isa = PBXGroup;
			children = (
				D8B148091F9552D9000AB414 /* Route.swift */,
				D8503DCF1F669F8500ED0C84 /* Visit.swift */,
				D8D729DD1F61C9CC0082CD4A /* VisitSummary.swift */,
				D81DAAF01F68652E00C7C987 /* Trap.swift */,
				D81DAAF41F6865DB00C7C987 /* Trapline.swift */,
				D81883781F6931C600A74B5E /* Species.swift */,
				D8BC084E1F6B143800B284EE /* TrapType.swift */,
				D80F7EDA1F6EF89700814A52 /* Station.swift */,
				D8D1A03F1FAF0CE800926CEF /* Lure.swift */,
				D8D1A0461FAF16B000926CEF /* LookupObject.swift */,
			);
			name = Model;
			sourceTree = "<group>";
		};
		D857B39D1F81B7D8006E1402 /* Visit */ = {
			isa = PBXGroup;
			children = (
				D89714C11F7A0E4700E846B9 /* ImageCollectionViewCell.swift */,
				D89714BF1F7A0C5D00E846B9 /* ImageCollectionViewCell.xib */,
				D857B3A41F81B86A006E1402 /* VisitDisplayData.swift */,
				D8503DBB1F66807C00ED0C84 /* VisitInteractor.swift */,
				D857B3A51F81B86A006E1402 /* VisitModuleApi.swift */,
				D8503DBF1F66807C00ED0C84 /* VisitPresenter.swift */,
				D857B3A61F81B86A006E1402 /* VisitRouter.swift */,
				D857B3A71F81B86A006E1402 /* VisitView.swift */,
				D80268821FA1757400A1372F /* VisitDelegate.swift */,
			);
			name = Visit;
			sourceTree = "<group>";
		};
		D87C44FC1F9059B900CAFC7A /* SideMenu */ = {
			isa = PBXGroup;
			children = (
				D89714AE1F7898A800E846B9 /* MenuItem.swift */,
				D87C44F01F9059AF00CAFC7A /* SideMenuDisplayData.swift */,
				D87C44F11F9059AF00CAFC7A /* SideMenuInteractor.swift */,
				D87C44F21F9059AF00CAFC7A /* SideMenuModuleApi.swift */,
				D87C44F31F9059AF00CAFC7A /* SideMenuPresenter.swift */,
				D87C44F41F9059AF00CAFC7A /* SideMenuRouter.swift */,
				D87C44F51F9059AF00CAFC7A /* SideMenuView.swift */,
				D80BCD3C1F91D041005F30FF /* MenuItemView.swift */,
				D86CE4771F91DBC5004A09EF /* MenuDivider.swift */,
			);
			name = SideMenu;
			sourceTree = "<group>";
		};
		D89311F81F834F44008DF09D /* StationSelect */ = {
			isa = PBXGroup;
			children = (
				D89311F91F834F6E008DF09D /* StationSelectDisplayData.swift */,
				D89311FA1F834F6E008DF09D /* StationSelectInteractor.swift */,
				D89311FB1F834F6E008DF09D /* StationSelectModuleApi.swift */,
				D89311FC1F834F6E008DF09D /* StationSelectPresenter.swift */,
				D89311FD1F834F6E008DF09D /* StationSelectRouter.swift */,
				D89311FE1F834F6E008DF09D /* StationSelectView.swift */,
				D8FA5CF71F8409A700EC890C /* StationSelectSetupData.swift */,
				D8C51A721F96D67200D3571A /* MultiselectTableViewHeader.swift */,
			);
			name = StationSelect;
			sourceTree = "<group>";
		};
		D8953EB51F88110900A1F424 /* NewVisit */ = {
			isa = PBXGroup;
			children = (
				D8953EB61F88114E00A1F424 /* NewVisitDisplayData.swift */,
				D8953EB71F88114E00A1F424 /* NewVisitInteractor.swift */,
				D8953EB81F88114E00A1F424 /* NewVisitModuleApi.swift */,
				D8953EB91F88114E00A1F424 /* NewVisitPresenter.swift */,
				D8953EBA1F88114E00A1F424 /* NewVisitRouter.swift */,
				D8953EBB1F88114E00A1F424 /* NewVisitView.swift */,
			);
			name = NewVisit;
			sourceTree = "<group>";
		};
		D8B94D4C1F5EA1FE00D373EF = {
			isa = PBXGroup;
			children = (
				D83853001F64C66B00481B57 /* Trapr-Bridging-Header.h */,
				D8D729E51F64BD580082CD4A /* Podfile */,
				D8B94D571F5EA1FE00D373EF /* trapr */,
				D8B94D6C1F5EA1FE00D373EF /* traprTests */,
				D8B94D561F5EA1FE00D373EF /* Products */,
				D9137A3F9761619C4FFA1891 /* Pods */,
				656A900689C7002B49016BF1 /* Frameworks */,
			);
			sourceTree = "<group>";
		};
		D8B94D561F5EA1FE00D373EF /* Products */ = {
			isa = PBXGroup;
			children = (
				D8B94D551F5EA1FE00D373EF /* trapr.app */,
				D8B94D691F5EA1FE00D373EF /* traprTests.xctest */,
			);
			name = Products;
			sourceTree = "<group>";
		};
		D8B94D571F5EA1FE00D373EF /* trapr */ = {
			isa = PBXGroup;
			children = (
				D8039E2D1FABF64B006E394B /* Viper */,
				D81DAAED1F68641E00C7C987 /* Services */,
				D8503DD11F669F8B00ED0C84 /* Model */,
				D8B94D7D1F5EA67300D373EF /* Modules */,
				D8B94D781F5EA52200D373EF /* Design */,
				D8B94D581F5EA1FE00D373EF /* AppDelegate.swift */,
				D8B94D5F1F5EA1FE00D373EF /* Assets.xcassets */,
				D8B94D611F5EA1FE00D373EF /* LaunchScreen.storyboard */,
				D8B94D641F5EA1FE00D373EF /* Info.plist */,
				D89714AB1F77FEED00E846B9 /* TrapSectionIndexPath.swift */,
			);
			path = trapr;
			sourceTree = "<group>";
		};
		D8B94D6C1F5EA1FE00D373EF /* traprTests */ = {
			isa = PBXGroup;
			children = (
				D897149D1F70CCCB00E846B9 /* traplineTests.swift */,
				D8B94D6D1F5EA1FE00D373EF /* dateTests.swift */,
				D8B94D6F1F5EA1FE00D373EF /* Info.plist */,
				D89714A11F737B6A00E846B9 /* visitTests.swift */,
				D8B1480B1F955E5B000AB414 /* routeTests.swift */,
				D806C7EB1F9D95320064C98F /* GroupedTableViewDatasourceTests.swift */,
				D8D1A0371FAE629C00926CEF /* SpeciesTests.swift */,
			);
			path = traprTests;
			sourceTree = "<group>";
		};
		D8B94D781F5EA52200D373EF /* Design */ = {
			isa = PBXGroup;
			children = (
				D8B94D991F5F28F200D373EF /* Images */,
				D8B94D791F5EA54300D373EF /* Styles.swift */,
				D8B94D7B1F5EA56F00D373EF /* UIColorExtension.swift */,
				D8503DCD1F669B1F00ED0C84 /* DateExtention.swift */,
				D86CE48B1F92C8EA004A09EF /* UIFontExtension.swift */,
			);
			name = Design;
			sourceTree = "<group>";
		};
		D8B94D7D1F5EA67300D373EF /* Modules */ = {
			isa = PBXGroup;
			children = (
				D8039E1E1FABF428006E394B /* ListPicker */,
				D87C44FC1F9059B900CAFC7A /* SideMenu */,
				D81431A81F8DDB2E00EAF5FD /* DatePicker */,
				D8953EB51F88110900A1F424 /* NewVisit */,
				D89311F81F834F44008DF09D /* StationSelect */,
				D841CF1F1F82398D004D0207 /* TraplineSelect */,
				D83DC6BF1F7F83D200F91792 /* Start */,
				D857B39D1F81B7D8006E1402 /* Visit */,
				D80B6DC41F9F3D9200F49E9E /* VisitLog */,
				D806C7E91F9C881F0064C98F /* GroupedTableViewDatasource.swift */,
			);
			name = Modules;
			sourceTree = "<group>";
		};
		D8B94D991F5F28F200D373EF /* Images */ = {
			isa = PBXGroup;
			children = (
				D84CE4581F987CC30000D422 /* pelifeed.png */,
				D84CE4591F987CC30000D422 /* pelifeed@2x.png */,
				D8B73C2F1F97F4D8000C231E /* possumMaster.png */,
				D8B73C2E1F97F4D8000C231E /* possumMaster@2x.png */,
				D86CE4821F92BC6E004A09EF /* home.png */,
				D86CE4811F92BC6E004A09EF /* home@2x.png */,
				D86CE47B1F92BC6C004A09EF /* map.png */,
				D86CE47C1F92BC6D004A09EF /* map@2x.png */,
				D86CE47D1F92BC6D004A09EF /* settings.png */,
				D86CE4801F92BC6E004A09EF /* settings@2x.png */,
				D86CE47E1F92BC6D004A09EF /* sync.png */,
				D86CE47F1F92BC6E004A09EF /* sync@2x.png */,
				D81431981F8CBD5E00EAF5FD /* show.png */,
				D81431991F8CBD5E00EAF5FD /* show@2x.png */,
				D8FA5CF31F8406D600EC890C /* close.png */,
				D8FA5CF41F8406D600EC890C /* close@2x.png */,
				D8BC08441F6A541200B284EE /* greaterthan.png */,
				D8BC08481F6A542700B284EE /* greaterthan@2x.png */,
				D8BC08451F6A541200B284EE /* lessthan.png */,
				D8BC08491F6A542700B284EE /* lessthan@2x.png */,
				D8B94D9A1F5F30CD00D373EF /* menu.png */,
				D8B94D9B1F5F30CD00D373EF /* menu@2x.png */,
				D83853031F66555700481B57 /* plus.png */,
				D8503DD71F67AF7800ED0C84 /* user.png */,
			);
			name = Images;
			sourceTree = "<group>";
		};
		D8D1A0451FAF12F600926CEF /* Lookups */ = {
			isa = PBXGroup;
			children = (
				D835E0731FAC0CC300A4664B /* SpeciesService.swift */,
				D8D1A03B1FAF081E00926CEF /* TrapTypeService.swift */,
				D8D1A0431FAF0DC300926CEF /* LureService.swift */,
				D8D1A0481FAF219E00926CEF /* LookupService.swift */,
			);
			name = Lookups;
			sourceTree = "<group>";
		};
		D9137A3F9761619C4FFA1891 /* Pods */ = {
			isa = PBXGroup;
			children = (
				A13BAE40424D5A9104CB3D85 /* Pods-trapr.debug.xcconfig */,
				3401E9024D5468D5D0E7B342 /* Pods-trapr.release.xcconfig */,
				CB1480E579A12578A4F8D74D /* Pods-traprTests.debug.xcconfig */,
				97E006917605C37E780CC0B5 /* Pods-traprTests.release.xcconfig */,
			);
			name = Pods;
			sourceTree = "<group>";
		};
/* End PBXGroup section */

/* Begin PBXNativeTarget section */
		D8B94D541F5EA1FE00D373EF /* trapr */ = {
			isa = PBXNativeTarget;
			buildConfigurationList = D8B94D721F5EA1FE00D373EF /* Build configuration list for PBXNativeTarget "trapr" */;
			buildPhases = (
				F950247E27DF98114E92AB1F /* [CP] Check Pods Manifest.lock */,
				D8B94D511F5EA1FE00D373EF /* Sources */,
				D8B94D521F5EA1FE00D373EF /* Frameworks */,
				D8B94D531F5EA1FE00D373EF /* Resources */,
				E47BD7212A05A0F1A304270D /* [CP] Embed Pods Frameworks */,
				3DCBCC59219F7C660155A775 /* [CP] Copy Pods Resources */,
			);
			buildRules = (
			);
			dependencies = (
			);
			name = trapr;
			productName = trapr;
			productReference = D8B94D551F5EA1FE00D373EF /* trapr.app */;
			productType = "com.apple.product-type.application";
		};
		D8B94D681F5EA1FE00D373EF /* traprTests */ = {
			isa = PBXNativeTarget;
			buildConfigurationList = D8B94D751F5EA1FE00D373EF /* Build configuration list for PBXNativeTarget "traprTests" */;
			buildPhases = (
				367FB6A19C05F5F0A01D84EA /* [CP] Check Pods Manifest.lock */,
				D8B94D651F5EA1FE00D373EF /* Sources */,
				D8B94D661F5EA1FE00D373EF /* Frameworks */,
				D8B94D671F5EA1FE00D373EF /* Resources */,
				0A2B8859EAB0DE16451D9450 /* [CP] Embed Pods Frameworks */,
				2F9366D05CFF284D9BED1789 /* [CP] Copy Pods Resources */,
			);
			buildRules = (
			);
			dependencies = (
				D8B94D6B1F5EA1FE00D373EF /* PBXTargetDependency */,
			);
			name = traprTests;
			productName = traprTests;
			productReference = D8B94D691F5EA1FE00D373EF /* traprTests.xctest */;
			productType = "com.apple.product-type.bundle.unit-test";
		};
/* End PBXNativeTarget section */

/* Begin PBXProject section */
		D8B94D4D1F5EA1FE00D373EF /* Project object */ = {
			isa = PBXProject;
			attributes = {
				LastSwiftUpdateCheck = 0830;
				LastUpgradeCheck = 0900;
				ORGANIZATIONNAME = "Andrew Tokeley ";
				TargetAttributes = {
					D8B94D541F5EA1FE00D373EF = {
						CreatedOnToolsVersion = 8.3.1;
						DevelopmentTeam = 2DTZ6ESMX9;
						ProvisioningStyle = Automatic;
					};
					D8B94D681F5EA1FE00D373EF = {
						CreatedOnToolsVersion = 8.3.1;
						ProvisioningStyle = Automatic;
						TestTargetID = D8B94D541F5EA1FE00D373EF;
					};
				};
			};
			buildConfigurationList = D8B94D501F5EA1FE00D373EF /* Build configuration list for PBXProject "trapr" */;
			compatibilityVersion = "Xcode 3.2";
			developmentRegion = English;
			hasScannedForEncodings = 0;
			knownRegions = (
				en,
				Base,
			);
			mainGroup = D8B94D4C1F5EA1FE00D373EF;
			productRefGroup = D8B94D561F5EA1FE00D373EF /* Products */;
			projectDirPath = "";
			projectRoot = "";
			targets = (
				D8B94D541F5EA1FE00D373EF /* trapr */,
				D8B94D681F5EA1FE00D373EF /* traprTests */,
			);
		};
/* End PBXProject section */

/* Begin PBXResourcesBuildPhase section */
		D8B94D531F5EA1FE00D373EF /* Resources */ = {
			isa = PBXResourcesBuildPhase;
			buildActionMask = 2147483647;
			files = (
				D86CE4851F92BC6F004A09EF /* settings.png in Resources */,
				D86CE4871F92BC6F004A09EF /* sync@2x.png in Resources */,
				D8B73C311F97F4D8000C231E /* possumMaster.png in Resources */,
				D8FA5CF51F8406D600EC890C /* close.png in Resources */,
				D8B94D631F5EA1FE00D373EF /* LaunchScreen.storyboard in Resources */,
				D86CE4841F92BC6F004A09EF /* map@2x.png in Resources */,
				D86CE4891F92BC6F004A09EF /* home@2x.png in Resources */,
				D8BC084A1F6A542700B284EE /* greaterthan@2x.png in Resources */,
				D83089581FA18815007C9316 /* StepperTableViewCell.xib in Resources */,
				D8B73C301F97F4D8000C231E /* possumMaster@2x.png in Resources */,
				D89714C01F7A0C5D00E846B9 /* ImageCollectionViewCell.xib in Resources */,
				D84CE45B1F987CC30000D422 /* pelifeed@2x.png in Resources */,
				D83853041F66555700481B57 /* plus.png in Resources */,
				D8B94D9D1F5F30CD00D373EF /* menu@2x.png in Resources */,
				D84CE45A1F987CC30000D422 /* pelifeed.png in Resources */,
				D8B94D601F5EA1FE00D373EF /* Assets.xcassets in Resources */,
				D86CE4881F92BC6F004A09EF /* settings@2x.png in Resources */,
				D8BC084B1F6A542700B284EE /* lessthan@2x.png in Resources */,
				D8FA5CF61F8406D600EC890C /* close@2x.png in Resources */,
				D8D729E41F61D91C0082CD4A /* VisitCollectionViewCell.xib in Resources */,
				D8503DD81F67AF7800ED0C84 /* user.png in Resources */,
				D8D729E61F64BD580082CD4A /* Podfile in Resources */,
				D86CE48A1F92BC6F004A09EF /* home.png in Resources */,
				D8B94D9C1F5F30CD00D373EF /* menu.png in Resources */,
				D814319A1F8CBD5E00EAF5FD /* show.png in Resources */,
				D86CE4831F92BC6F004A09EF /* map.png in Resources */,
				D814319B1F8CBD5E00EAF5FD /* show@2x.png in Resources */,
				D83853021F6654CD00481B57 /* NewVisitCollectionViewCell.xib in Resources */,
				D86CE4861F92BC6F004A09EF /* sync.png in Resources */,
				D8BC08471F6A541200B284EE /* lessthan.png in Resources */,
				D8BC08461F6A541200B284EE /* greaterthan.png in Resources */,
			);
			runOnlyForDeploymentPostprocessing = 0;
		};
		D8B94D671F5EA1FE00D373EF /* Resources */ = {
			isa = PBXResourcesBuildPhase;
			buildActionMask = 2147483647;
			files = (
			);
			runOnlyForDeploymentPostprocessing = 0;
		};
/* End PBXResourcesBuildPhase section */

/* Begin PBXShellScriptBuildPhase section */
		0A2B8859EAB0DE16451D9450 /* [CP] Embed Pods Frameworks */ = {
			isa = PBXShellScriptBuildPhase;
			buildActionMask = 2147483647;
			files = (
			);
			inputPaths = (
			);
			name = "[CP] Embed Pods Frameworks";
			outputPaths = (
			);
			runOnlyForDeploymentPostprocessing = 0;
			shellPath = /bin/sh;
			shellScript = "\"${SRCROOT}/Pods/Target Support Files/Pods-traprTests/Pods-traprTests-frameworks.sh\"\n";
			showEnvVarsInLog = 0;
		};
		2F9366D05CFF284D9BED1789 /* [CP] Copy Pods Resources */ = {
			isa = PBXShellScriptBuildPhase;
			buildActionMask = 2147483647;
			files = (
			);
			inputPaths = (
			);
			name = "[CP] Copy Pods Resources";
			outputPaths = (
			);
			runOnlyForDeploymentPostprocessing = 0;
			shellPath = /bin/sh;
			shellScript = "\"${SRCROOT}/Pods/Target Support Files/Pods-traprTests/Pods-traprTests-resources.sh\"\n";
			showEnvVarsInLog = 0;
		};
		367FB6A19C05F5F0A01D84EA /* [CP] Check Pods Manifest.lock */ = {
			isa = PBXShellScriptBuildPhase;
			buildActionMask = 2147483647;
			files = (
			);
			inputPaths = (
			);
			name = "[CP] Check Pods Manifest.lock";
			outputPaths = (
			);
			runOnlyForDeploymentPostprocessing = 0;
			shellPath = /bin/sh;
			shellScript = "diff \"${PODS_PODFILE_DIR_PATH}/Podfile.lock\" \"${PODS_ROOT}/Manifest.lock\" > /dev/null\nif [ $? != 0 ] ; then\n    # print error to STDERR\n    echo \"error: The sandbox is not in sync with the Podfile.lock. Run 'pod install' or update your CocoaPods installation.\" >&2\n    exit 1\nfi\n";
			showEnvVarsInLog = 0;
		};
		3DCBCC59219F7C660155A775 /* [CP] Copy Pods Resources */ = {
			isa = PBXShellScriptBuildPhase;
			buildActionMask = 2147483647;
			files = (
			);
			inputPaths = (
			);
			name = "[CP] Copy Pods Resources";
			outputPaths = (
			);
			runOnlyForDeploymentPostprocessing = 0;
			shellPath = /bin/sh;
			shellScript = "\"${SRCROOT}/Pods/Target Support Files/Pods-trapr/Pods-trapr-resources.sh\"\n";
			showEnvVarsInLog = 0;
		};
		E47BD7212A05A0F1A304270D /* [CP] Embed Pods Frameworks */ = {
			isa = PBXShellScriptBuildPhase;
			buildActionMask = 2147483647;
			files = (
			);
			inputPaths = (
			);
			name = "[CP] Embed Pods Frameworks";
			outputPaths = (
			);
			runOnlyForDeploymentPostprocessing = 0;
			shellPath = /bin/sh;
			shellScript = "\"${SRCROOT}/Pods/Target Support Files/Pods-trapr/Pods-trapr-frameworks.sh\"\n";
			showEnvVarsInLog = 0;
		};
		F950247E27DF98114E92AB1F /* [CP] Check Pods Manifest.lock */ = {
			isa = PBXShellScriptBuildPhase;
			buildActionMask = 2147483647;
			files = (
			);
			inputPaths = (
			);
			name = "[CP] Check Pods Manifest.lock";
			outputPaths = (
			);
			runOnlyForDeploymentPostprocessing = 0;
			shellPath = /bin/sh;
			shellScript = "diff \"${PODS_PODFILE_DIR_PATH}/Podfile.lock\" \"${PODS_ROOT}/Manifest.lock\" > /dev/null\nif [ $? != 0 ] ; then\n    # print error to STDERR\n    echo \"error: The sandbox is not in sync with the Podfile.lock. Run 'pod install' or update your CocoaPods installation.\" >&2\n    exit 1\nfi\n";
			showEnvVarsInLog = 0;
		};
/* End PBXShellScriptBuildPhase section */

/* Begin PBXSourcesBuildPhase section */
		D8B94D511F5EA1FE00D373EF /* Sources */ = {
			isa = PBXSourcesBuildPhase;
			buildActionMask = 2147483647;
			files = (
				D8039E281FABF458006E394B /* ListPickerPresenter.swift in Sources */,
				D80F7ED01F6E7A9300814A52 /* TraplineService.swift in Sources */,
				D8B94D7A1F5EA54300D373EF /* Styles.swift in Sources */,
				D80F7ED31F6E87D500814A52 /* DataPopulatorService.swift in Sources */,
				D8953EBC1F88114F00A1F424 /* NewVisitDisplayData.swift in Sources */,
				D89312031F834F6F008DF09D /* StationSelectRouter.swift in Sources */,
				D87C44F91F9059AF00CAFC7A /* SideMenuPresenter.swift in Sources */,
				D857B3AA1F81B86A006E1402 /* VisitRouter.swift in Sources */,
				D830895A1FA189AC007C9316 /* StepperTableViewCell.swift in Sources */,
				D80B6DCC1F9F3DCD00F49E9E /* VisitLogInteractor.swift in Sources */,
				D81431A61F8DDB2600EAF5FD /* DatePickerRouter.swift in Sources */,
				D89714AC1F77FEED00E846B9 /* TrapSectionIndexPath.swift in Sources */,
				D81883791F6931C600A74B5E /* Species.swift in Sources */,
				D86CE48C1F92C8EA004A09EF /* UIFontExtension.swift in Sources */,
				D8D729DE1F61C9CC0082CD4A /* VisitSummary.swift in Sources */,
				D80B6DCE1F9F3DCD00F49E9E /* VisitLogPresenter.swift in Sources */,
				D81DAAF51F6865DB00C7C987 /* Trapline.swift in Sources */,
				D81DAAF71F686EA800C7C987 /* ServiceFactory.swift in Sources */,
				D8039E2F1FABF671006E394B /* RouterExtension.swift in Sources */,
				D80F7ECE1F6E79BF00814A52 /* TraplineServiceInterface.swift in Sources */,
				D87E5BF51F88CCAA0055A3E0 /* TraplineSelectDelegate.swift in Sources */,
				D8B94D591F5EA1FE00D373EF /* AppDelegate.swift in Sources */,
				D89714C21F7A0E4700E846B9 /* ImageCollectionViewCell.swift in Sources */,
				D80B6DCF1F9F3DCD00F49E9E /* VisitLogRouter.swift in Sources */,
				D8D729E21F61D7D30082CD4A /* VisitCollectionViewCell.swift in Sources */,
				D80268831FA1757400A1372F /* VisitDelegate.swift in Sources */,
				D89312021F834F6F008DF09D /* StationSelectPresenter.swift in Sources */,
				D87C44EF1F8F545F00CAFC7A /* DatePickerSetupData.swift in Sources */,
				D86CE4781F91DBC5004A09EF /* MenuDivider.swift in Sources */,
				D841CF2A1F8239CA004D0207 /* TraplineSelectRouter.swift in Sources */,
				D8D1A03C1FAF081E00926CEF /* TrapTypeService.swift in Sources */,
				D8503DCE1F669B1F00ED0C84 /* DateExtention.swift in Sources */,
				D89312041F834F6F008DF09D /* StationSelectView.swift in Sources */,
				D8953EC01F88114F00A1F424 /* NewVisitRouter.swift in Sources */,
				D83DC6CD1F7F841F00F91792 /* StartView.swift in Sources */,
				D80B6DCB1F9F3DCD00F49E9E /* VisitLogDisplayData.swift in Sources */,
				D81431A71F8DDB2600EAF5FD /* DatePickerView.swift in Sources */,
				D857B3A81F81B86A006E1402 /* VisitDisplayData.swift in Sources */,
				D8039E311FABF6B9006E394B /* ListPickerSetupData.swift in Sources */,
				D80B6DD01F9F3DCD00F49E9E /* VisitLogView.swift in Sources */,
				D8039E251FABF458006E394B /* ListPickerDisplayData.swift in Sources */,
				D81DAAF11F68652E00C7C987 /* Trap.swift in Sources */,
				D8503DC81F66807C00ED0C84 /* VisitPresenter.swift in Sources */,
				D841CF271F8239CA004D0207 /* TraplineSelectInteractor.swift in Sources */,
				D8953EBD1F88114F00A1F424 /* NewVisitInteractor.swift in Sources */,
				D8039E261FABF458006E394B /* ListPickerInteractor.swift in Sources */,
				D841CF291F8239CA004D0207 /* TraplineSelectPresenter.swift in Sources */,
				D8039E291FABF458006E394B /* ListPickerRouter.swift in Sources */,
				D83DC6C81F7F841F00F91792 /* StartDisplayData.swift in Sources */,
				D83DC6CB1F7F841F00F91792 /* StartPresenter.swift in Sources */,
				D80B6DCD1F9F3DCD00F49E9E /* VisitLogModuleApi.swift in Sources */,
				D8039E2C1FABF577006E394B /* ListPickerDelegate.swift in Sources */,
				D8039E2A1FABF458006E394B /* ListPickerView.swift in Sources */,
				D81DAAEF1F68643400C7C987 /* VisitService.swift in Sources */,
				D835E0741FAC0CC300A4664B /* SpeciesService.swift in Sources */,
				D8953EC11F88114F00A1F424 /* NewVisitView.swift in Sources */,
				D83DC6C91F7F841F00F91792 /* StartInteractor.swift in Sources */,
				D81818701F7F795B008362BA /* AppModules.swift in Sources */,
				D806C7EA1F9C881F0064C98F /* GroupedTableViewDatasource.swift in Sources */,
				D841CF2B1F8239CA004D0207 /* TraplineSelectView.swift in Sources */,
				D87C44FA1F9059AF00CAFC7A /* SideMenuRouter.swift in Sources */,
				D87C44F71F9059AF00CAFC7A /* SideMenuInteractor.swift in Sources */,
				D8039E271FABF458006E394B /* ListPickerModuleApi.swift in Sources */,
				D89714AA1F7751B300E846B9 /* DataPopulatorServiceInterface.swift in Sources */,
				D8953EBF1F88114F00A1F424 /* NewVisitPresenter.swift in Sources */,
				D8E86B3E1FACF95B003BFD54 /* ServiceInterface.swift in Sources */,
				D8503DD01F669F8500ED0C84 /* Visit.swift in Sources */,
				D81431A31F8DDB2600EAF5FD /* DatePickerInteractor.swift in Sources */,
				D849B6201F96C8E100CE2085 /* RouteServiceInterface.swift in Sources */,
				D8C51A731F96D67200D3571A /* MultiselectTableViewHeader.swift in Sources */,
				D87C44F61F9059AF00CAFC7A /* SideMenuDisplayData.swift in Sources */,
				D8FA5CF81F8409A700EC890C /* StationSelectSetupData.swift in Sources */,
				D81DAAF31F68659100C7C987 /* VisitServiceInterface.swift in Sources */,
				D87C44FB1F9059AF00CAFC7A /* SideMenuView.swift in Sources */,
				D8D1A0441FAF0DC300926CEF /* LureService.swift in Sources */,
				D80BCD3D1F91D041005F30FF /* MenuItemView.swift in Sources */,
				D81431AA1F8E020900EAF5FD /* DatePickerDisplayData.swift in Sources */,
				D80344311FA192D400F44A17 /* StepperTableViewCellDelegate.swift in Sources */,
				D89311FF1F834F6E008DF09D /* StationSelectDisplayData.swift in Sources */,
				D80F7EDB1F6EF89700814A52 /* Station.swift in Sources */,
				D87C44F81F9059AF00CAFC7A /* SideMenuModuleApi.swift in Sources */,
				D89714A01F70CFB800E846B9 /* DataService.swift in Sources */,
				D8D1A0401FAF0CE800926CEF /* Lure.swift in Sources */,
				D8BC084F1F6B143800B284EE /* TrapType.swift in Sources */,
				D81431A41F8DDB2600EAF5FD /* DatePickerModuleApi.swift in Sources */,
				D857B3AB1F81B86A006E1402 /* VisitView.swift in Sources */,
				D89312011F834F6F008DF09D /* StationSelectModuleApi.swift in Sources */,
				D89714A41F76197D00E846B9 /* Service.swift in Sources */,
				D841CF261F8239CA004D0207 /* TraplineSelectDisplayData.swift in Sources */,
				D89714A61F76200B00E846B9 /* ApplicationServiceInterface.swift in Sources */,
				D8503DC41F66807C00ED0C84 /* VisitInteractor.swift in Sources */,
				D80F7ED91F6E92C700814A52 /* TrapServiceInterface.swift in Sources */,
				D89714AF1F7898A800E846B9 /* MenuItem.swift in Sources */,
				D83DC6CC1F7F841F00F91792 /* StartRouter.swift in Sources */,
				D87C44ED1F8F4C2400CAFC7A /* DatePickerDelegate.swift in Sources */,
				D8D1A0491FAF219E00926CEF /* LookupService.swift in Sources */,
				D8B1480A1F9552D9000AB414 /* Route.swift in Sources */,
				D89312001F834F6E008DF09D /* StationSelectInteractor.swift in Sources */,
				D8B94D7C1F5EA56F00D373EF /* UIColorExtension.swift in Sources */,
				D857B3A91F81B86A006E1402 /* VisitModuleApi.swift in Sources */,
				D89714A81F76202E00E846B9 /* ApplicationService.swift in Sources */,
				D83DC6CA1F7F841F00F91792 /* StartModuleApi.swift in Sources */,
				D841CF281F8239CA004D0207 /* TraplineSelectModuleApi.swift in Sources */,
				D849B6221F96C91100CE2085 /* RouteService.swift in Sources */,
				D8D1A0471FAF16B000926CEF /* LookupObject.swift in Sources */,
				D8953EBE1F88114F00A1F424 /* NewVisitModuleApi.swift in Sources */,
				D81431A51F8DDB2600EAF5FD /* DatePickerPresenter.swift in Sources */,
			);
			runOnlyForDeploymentPostprocessing = 0;
		};
		D8B94D651F5EA1FE00D373EF /* Sources */ = {
			isa = PBXSourcesBuildPhase;
			buildActionMask = 2147483647;
			files = (
				D806C7EC1F9D95320064C98F /* GroupedTableViewDatasourceTests.swift in Sources */,
				D897149E1F70CCCB00E846B9 /* traplineTests.swift in Sources */,
				D8B1480C1F955E5B000AB414 /* routeTests.swift in Sources */,
				D8B94D6E1F5EA1FE00D373EF /* dateTests.swift in Sources */,
				D8D1A0381FAE629C00926CEF /* SpeciesTests.swift in Sources */,
				D89714A21F737B6A00E846B9 /* visitTests.swift in Sources */,
			);
			runOnlyForDeploymentPostprocessing = 0;
		};
/* End PBXSourcesBuildPhase section */

/* Begin PBXTargetDependency section */
		D8B94D6B1F5EA1FE00D373EF /* PBXTargetDependency */ = {
			isa = PBXTargetDependency;
			target = D8B94D541F5EA1FE00D373EF /* trapr */;
			targetProxy = D8B94D6A1F5EA1FE00D373EF /* PBXContainerItemProxy */;
		};
/* End PBXTargetDependency section */

/* Begin PBXVariantGroup section */
		D8B94D611F5EA1FE00D373EF /* LaunchScreen.storyboard */ = {
			isa = PBXVariantGroup;
			children = (
				D8B94D621F5EA1FE00D373EF /* Base */,
			);
			name = LaunchScreen.storyboard;
			sourceTree = "<group>";
		};
/* End PBXVariantGroup section */

/* Begin XCBuildConfiguration section */
		D8B94D701F5EA1FE00D373EF /* Debug */ = {
			isa = XCBuildConfiguration;
			buildSettings = {
				ALWAYS_SEARCH_USER_PATHS = NO;
				CLANG_ANALYZER_NONNULL = YES;
				CLANG_ANALYZER_NUMBER_OBJECT_CONVERSION = YES_AGGRESSIVE;
				CLANG_CXX_LANGUAGE_STANDARD = "gnu++0x";
				CLANG_CXX_LIBRARY = "libc++";
				CLANG_ENABLE_MODULES = YES;
				CLANG_ENABLE_OBJC_ARC = YES;
				CLANG_WARN_BLOCK_CAPTURE_AUTORELEASING = YES;
				CLANG_WARN_BOOL_CONVERSION = YES;
				CLANG_WARN_COMMA = YES;
				CLANG_WARN_CONSTANT_CONVERSION = YES;
				CLANG_WARN_DIRECT_OBJC_ISA_USAGE = YES_ERROR;
				CLANG_WARN_DOCUMENTATION_COMMENTS = YES;
				CLANG_WARN_EMPTY_BODY = YES;
				CLANG_WARN_ENUM_CONVERSION = YES;
				CLANG_WARN_INFINITE_RECURSION = YES;
				CLANG_WARN_INT_CONVERSION = YES;
				CLANG_WARN_NON_LITERAL_NULL_CONVERSION = YES;
				CLANG_WARN_OBJC_LITERAL_CONVERSION = YES;
				CLANG_WARN_OBJC_ROOT_CLASS = YES_ERROR;
				CLANG_WARN_RANGE_LOOP_ANALYSIS = YES;
				CLANG_WARN_STRICT_PROTOTYPES = YES;
				CLANG_WARN_SUSPICIOUS_MOVE = YES;
				CLANG_WARN_UNREACHABLE_CODE = YES;
				CLANG_WARN__DUPLICATE_METHOD_MATCH = YES;
				"CODE_SIGN_IDENTITY[sdk=iphoneos*]" = "iPhone Developer";
				COPY_PHASE_STRIP = NO;
				DEBUG_INFORMATION_FORMAT = dwarf;
				ENABLE_STRICT_OBJC_MSGSEND = YES;
				ENABLE_TESTABILITY = YES;
				GCC_C_LANGUAGE_STANDARD = gnu99;
				GCC_DYNAMIC_NO_PIC = NO;
				GCC_NO_COMMON_BLOCKS = YES;
				GCC_OPTIMIZATION_LEVEL = 0;
				GCC_PREPROCESSOR_DEFINITIONS = (
					"DEBUG=1",
					"$(inherited)",
				);
				GCC_WARN_64_TO_32_BIT_CONVERSION = YES;
				GCC_WARN_ABOUT_RETURN_TYPE = YES_ERROR;
				GCC_WARN_UNDECLARED_SELECTOR = YES;
				GCC_WARN_UNINITIALIZED_AUTOS = YES_AGGRESSIVE;
				GCC_WARN_UNUSED_FUNCTION = YES;
				GCC_WARN_UNUSED_VARIABLE = YES;
				IPHONEOS_DEPLOYMENT_TARGET = 9.0;
				MTL_ENABLE_DEBUG_INFO = YES;
				ONLY_ACTIVE_ARCH = YES;
				OTHER_LDFLAGS = "$(inheritied)";
				SDKROOT = iphoneos;
				SWIFT_ACTIVE_COMPILATION_CONDITIONS = DEBUG;
				SWIFT_OPTIMIZATION_LEVEL = "-Onone";
			};
			name = Debug;
		};
		D8B94D711F5EA1FE00D373EF /* Release */ = {
			isa = XCBuildConfiguration;
			buildSettings = {
				ALWAYS_SEARCH_USER_PATHS = NO;
				CLANG_ANALYZER_NONNULL = YES;
				CLANG_ANALYZER_NUMBER_OBJECT_CONVERSION = YES_AGGRESSIVE;
				CLANG_CXX_LANGUAGE_STANDARD = "gnu++0x";
				CLANG_CXX_LIBRARY = "libc++";
				CLANG_ENABLE_MODULES = YES;
				CLANG_ENABLE_OBJC_ARC = YES;
				CLANG_WARN_BLOCK_CAPTURE_AUTORELEASING = YES;
				CLANG_WARN_BOOL_CONVERSION = YES;
				CLANG_WARN_COMMA = YES;
				CLANG_WARN_CONSTANT_CONVERSION = YES;
				CLANG_WARN_DIRECT_OBJC_ISA_USAGE = YES_ERROR;
				CLANG_WARN_DOCUMENTATION_COMMENTS = YES;
				CLANG_WARN_EMPTY_BODY = YES;
				CLANG_WARN_ENUM_CONVERSION = YES;
				CLANG_WARN_INFINITE_RECURSION = YES;
				CLANG_WARN_INT_CONVERSION = YES;
				CLANG_WARN_NON_LITERAL_NULL_CONVERSION = YES;
				CLANG_WARN_OBJC_LITERAL_CONVERSION = YES;
				CLANG_WARN_OBJC_ROOT_CLASS = YES_ERROR;
				CLANG_WARN_RANGE_LOOP_ANALYSIS = YES;
				CLANG_WARN_STRICT_PROTOTYPES = YES;
				CLANG_WARN_SUSPICIOUS_MOVE = YES;
				CLANG_WARN_UNREACHABLE_CODE = YES;
				CLANG_WARN__DUPLICATE_METHOD_MATCH = YES;
				"CODE_SIGN_IDENTITY[sdk=iphoneos*]" = "iPhone Developer";
				COPY_PHASE_STRIP = NO;
				DEBUG_INFORMATION_FORMAT = "dwarf-with-dsym";
				ENABLE_NS_ASSERTIONS = NO;
				ENABLE_STRICT_OBJC_MSGSEND = YES;
				GCC_C_LANGUAGE_STANDARD = gnu99;
				GCC_NO_COMMON_BLOCKS = YES;
				GCC_WARN_64_TO_32_BIT_CONVERSION = YES;
				GCC_WARN_ABOUT_RETURN_TYPE = YES_ERROR;
				GCC_WARN_UNDECLARED_SELECTOR = YES;
				GCC_WARN_UNINITIALIZED_AUTOS = YES_AGGRESSIVE;
				GCC_WARN_UNUSED_FUNCTION = YES;
				GCC_WARN_UNUSED_VARIABLE = YES;
				IPHONEOS_DEPLOYMENT_TARGET = 9.0;
				MTL_ENABLE_DEBUG_INFO = NO;
				SDKROOT = iphoneos;
				SWIFT_OPTIMIZATION_LEVEL = "-Owholemodule";
				VALIDATE_PRODUCT = YES;
			};
			name = Release;
		};
		D8B94D731F5EA1FE00D373EF /* Debug */ = {
			isa = XCBuildConfiguration;
			baseConfigurationReference = A13BAE40424D5A9104CB3D85 /* Pods-trapr.debug.xcconfig */;
			buildSettings = {
				ASSETCATALOG_COMPILER_APPICON_NAME = AppIcon;
				DEVELOPMENT_TEAM = 2DTZ6ESMX9;
				INFOPLIST_FILE = trapr/Info.plist;
				LD_RUNPATH_SEARCH_PATHS = "$(inherited) @executable_path/Frameworks";
				PRODUCT_BUNDLE_IDENTIFIER = andrewtokeley.com.trapr;
				PRODUCT_NAME = "$(TARGET_NAME)";
				SWIFT_VERSION = 3.0;
			};
			name = Debug;
		};
		D8B94D741F5EA1FE00D373EF /* Release */ = {
			isa = XCBuildConfiguration;
			baseConfigurationReference = 3401E9024D5468D5D0E7B342 /* Pods-trapr.release.xcconfig */;
			buildSettings = {
				ASSETCATALOG_COMPILER_APPICON_NAME = AppIcon;
				DEVELOPMENT_TEAM = 2DTZ6ESMX9;
				INFOPLIST_FILE = trapr/Info.plist;
				LD_RUNPATH_SEARCH_PATHS = "$(inherited) @executable_path/Frameworks";
				PRODUCT_BUNDLE_IDENTIFIER = andrewtokeley.com.trapr;
				PRODUCT_NAME = "$(TARGET_NAME)";
				SWIFT_VERSION = 3.0;
			};
			name = Release;
		};
		D8B94D761F5EA1FE00D373EF /* Debug */ = {
			isa = XCBuildConfiguration;
			baseConfigurationReference = CB1480E579A12578A4F8D74D /* Pods-traprTests.debug.xcconfig */;
			buildSettings = {
				ALWAYS_EMBED_SWIFT_STANDARD_LIBRARIES = YES;
				BUNDLE_LOADER = "$(TEST_HOST)";
				INFOPLIST_FILE = traprTests/Info.plist;
				LD_RUNPATH_SEARCH_PATHS = "$(inherited) @executable_path/Frameworks @loader_path/Frameworks";
				PRODUCT_BUNDLE_IDENTIFIER = andrewtokeley.com.traprTests;
				PRODUCT_NAME = "$(TARGET_NAME)";
				SWIFT_VERSION = 3.0;
				TEST_HOST = "$(BUILT_PRODUCTS_DIR)/trapr.app/trapr";
			};
			name = Debug;
		};
		D8B94D771F5EA1FE00D373EF /* Release */ = {
			isa = XCBuildConfiguration;
			baseConfigurationReference = 97E006917605C37E780CC0B5 /* Pods-traprTests.release.xcconfig */;
			buildSettings = {
				ALWAYS_EMBED_SWIFT_STANDARD_LIBRARIES = YES;
				BUNDLE_LOADER = "$(TEST_HOST)";
				INFOPLIST_FILE = traprTests/Info.plist;
				LD_RUNPATH_SEARCH_PATHS = "$(inherited) @executable_path/Frameworks @loader_path/Frameworks";
				PRODUCT_BUNDLE_IDENTIFIER = andrewtokeley.com.traprTests;
				PRODUCT_NAME = "$(TARGET_NAME)";
				SWIFT_VERSION = 3.0;
				TEST_HOST = "$(BUILT_PRODUCTS_DIR)/trapr.app/trapr";
			};
			name = Release;
		};
/* End XCBuildConfiguration section */

/* Begin XCConfigurationList section */
		D8B94D501F5EA1FE00D373EF /* Build configuration list for PBXProject "trapr" */ = {
			isa = XCConfigurationList;
			buildConfigurations = (
				D8B94D701F5EA1FE00D373EF /* Debug */,
				D8B94D711F5EA1FE00D373EF /* Release */,
			);
			defaultConfigurationIsVisible = 0;
			defaultConfigurationName = Release;
		};
		D8B94D721F5EA1FE00D373EF /* Build configuration list for PBXNativeTarget "trapr" */ = {
			isa = XCConfigurationList;
			buildConfigurations = (
				D8B94D731F5EA1FE00D373EF /* Debug */,
				D8B94D741F5EA1FE00D373EF /* Release */,
			);
			defaultConfigurationIsVisible = 0;
			defaultConfigurationName = Release;
		};
		D8B94D751F5EA1FE00D373EF /* Build configuration list for PBXNativeTarget "traprTests" */ = {
			isa = XCConfigurationList;
			buildConfigurations = (
				D8B94D761F5EA1FE00D373EF /* Debug */,
				D8B94D771F5EA1FE00D373EF /* Release */,
			);
			defaultConfigurationIsVisible = 0;
			defaultConfigurationName = Release;
		};
/* End XCConfigurationList section */
	};
	rootObject = D8B94D4D1F5EA1FE00D373EF /* Project object */;
}
