// !$*UTF8*$!
{
	archiveVersion = 1;
	classes = {
	};
	objectVersion = 46;
	objects = {

/* Begin PBXBuildFile section */
		5E21E305B912DE761C65F817 /* Pods_traprTests.framework in Frameworks */ = {isa = PBXBuildFile; fileRef = 091A08517706BFB528BF6370 /* Pods_traprTests.framework */; };
		699D613385EE2884367110A5 /* Pods_trapr.framework in Frameworks */ = {isa = PBXBuildFile; fileRef = 7475BC73C1B9E9749C3B6277 /* Pods_trapr.framework */; };
		D80F7ECE1F6E79BF00814A52 /* TraplineServiceInterface.swift in Sources */ = {isa = PBXBuildFile; fileRef = D80F7ECD1F6E79BF00814A52 /* TraplineServiceInterface.swift */; };
		D80F7ED01F6E7A9300814A52 /* TraplineService.swift in Sources */ = {isa = PBXBuildFile; fileRef = D80F7ECF1F6E7A9300814A52 /* TraplineService.swift */; };
		D80F7ED31F6E87D500814A52 /* DataPopulatorService.swift in Sources */ = {isa = PBXBuildFile; fileRef = D80F7ED21F6E87D500814A52 /* DataPopulatorService.swift */; };
		D80F7ED91F6E92C700814A52 /* TrapServiceInterface.swift in Sources */ = {isa = PBXBuildFile; fileRef = D80F7ED81F6E92C700814A52 /* TrapServiceInterface.swift */; };
		D80F7EDB1F6EF89700814A52 /* Station.swift in Sources */ = {isa = PBXBuildFile; fileRef = D80F7EDA1F6EF89700814A52 /* Station.swift */; };
		D81883791F6931C600A74B5E /* Species.swift in Sources */ = {isa = PBXBuildFile; fileRef = D81883781F6931C600A74B5E /* Species.swift */; };
		D81DAAEF1F68643400C7C987 /* VisitService.swift in Sources */ = {isa = PBXBuildFile; fileRef = D81DAAEE1F68643400C7C987 /* VisitService.swift */; };
		D81DAAF11F68652E00C7C987 /* Trap.swift in Sources */ = {isa = PBXBuildFile; fileRef = D81DAAF01F68652E00C7C987 /* Trap.swift */; };
		D81DAAF31F68659100C7C987 /* VisitServiceInterface.swift in Sources */ = {isa = PBXBuildFile; fileRef = D81DAAF21F68659100C7C987 /* VisitServiceInterface.swift */; };
		D81DAAF51F6865DB00C7C987 /* Trapline.swift in Sources */ = {isa = PBXBuildFile; fileRef = D81DAAF41F6865DB00C7C987 /* Trapline.swift */; };
		D81DAAF71F686EA800C7C987 /* ServiceFactory.swift in Sources */ = {isa = PBXBuildFile; fileRef = D81DAAF61F686EA800C7C987 /* ServiceFactory.swift */; };
		D83853021F6654CD00481B57 /* NewVisitCollectionViewCell.xib in Resources */ = {isa = PBXBuildFile; fileRef = D83853011F6654CD00481B57 /* NewVisitCollectionViewCell.xib */; };
		D83853041F66555700481B57 /* plus.png in Resources */ = {isa = PBXBuildFile; fileRef = D83853031F66555700481B57 /* plus.png */; };
		D8503DC41F66807C00ED0C84 /* VisitInteractor.swift in Sources */ = {isa = PBXBuildFile; fileRef = D8503DBB1F66807C00ED0C84 /* VisitInteractor.swift */; };
		D8503DC51F66807C00ED0C84 /* VisitInteractorInput.swift in Sources */ = {isa = PBXBuildFile; fileRef = D8503DBC1F66807C00ED0C84 /* VisitInteractorInput.swift */; };
		D8503DC61F66807C00ED0C84 /* VisitInteractorOutput.swift in Sources */ = {isa = PBXBuildFile; fileRef = D8503DBD1F66807C00ED0C84 /* VisitInteractorOutput.swift */; };
		D8503DC71F66807C00ED0C84 /* VisitModuleInterface.swift in Sources */ = {isa = PBXBuildFile; fileRef = D8503DBE1F66807C00ED0C84 /* VisitModuleInterface.swift */; };
		D8503DC81F66807C00ED0C84 /* VisitPresenter.swift in Sources */ = {isa = PBXBuildFile; fileRef = D8503DBF1F66807C00ED0C84 /* VisitPresenter.swift */; };
		D8503DC91F66807C00ED0C84 /* VisitViewController.swift in Sources */ = {isa = PBXBuildFile; fileRef = D8503DC01F66807C00ED0C84 /* VisitViewController.swift */; };
		D8503DCA1F66807C00ED0C84 /* VisitViewInterface.swift in Sources */ = {isa = PBXBuildFile; fileRef = D8503DC11F66807C00ED0C84 /* VisitViewInterface.swift */; };
		D8503DCB1F66807C00ED0C84 /* VisitWireframe.swift in Sources */ = {isa = PBXBuildFile; fileRef = D8503DC21F66807C00ED0C84 /* VisitWireframe.swift */; };
		D8503DCC1F66807C00ED0C84 /* VisitWireframeInput.swift in Sources */ = {isa = PBXBuildFile; fileRef = D8503DC31F66807C00ED0C84 /* VisitWireframeInput.swift */; };
		D8503DCE1F669B1F00ED0C84 /* DateExtention.swift in Sources */ = {isa = PBXBuildFile; fileRef = D8503DCD1F669B1F00ED0C84 /* DateExtention.swift */; };
		D8503DD01F669F8500ED0C84 /* Visit.swift in Sources */ = {isa = PBXBuildFile; fileRef = D8503DCF1F669F8500ED0C84 /* Visit.swift */; };
		D8503DD31F671CC600ED0C84 /* MenuPresenter.swift in Sources */ = {isa = PBXBuildFile; fileRef = D8503DD21F671CC600ED0C84 /* MenuPresenter.swift */; };
		D8503DD61F671D0A00ED0C84 /* MenuModuleInterface.swift in Sources */ = {isa = PBXBuildFile; fileRef = D8503DD51F671D0A00ED0C84 /* MenuModuleInterface.swift */; };
		D8503DD81F67AF7800ED0C84 /* user.png in Resources */ = {isa = PBXBuildFile; fileRef = D8503DD71F67AF7800ED0C84 /* user.png */; };
		D897149E1F70CCCB00E846B9 /* traplineTests.swift in Sources */ = {isa = PBXBuildFile; fileRef = D897149D1F70CCCB00E846B9 /* traplineTests.swift */; };
		D89714A01F70CFB800E846B9 /* DataService.swift in Sources */ = {isa = PBXBuildFile; fileRef = D897149F1F70CFB800E846B9 /* DataService.swift */; };
		D89714A21F737B6A00E846B9 /* visitTests.swift in Sources */ = {isa = PBXBuildFile; fileRef = D89714A11F737B6A00E846B9 /* visitTests.swift */; };
		D89714A41F76197D00E846B9 /* Service.swift in Sources */ = {isa = PBXBuildFile; fileRef = D89714A31F76197C00E846B9 /* Service.swift */; };
		D89714A61F76200B00E846B9 /* ApplicationServiceInterface.swift in Sources */ = {isa = PBXBuildFile; fileRef = D89714A51F76200B00E846B9 /* ApplicationServiceInterface.swift */; };
		D89714A81F76202E00E846B9 /* ApplicationService.swift in Sources */ = {isa = PBXBuildFile; fileRef = D89714A71F76202E00E846B9 /* ApplicationService.swift */; };
		D89714AA1F7751B300E846B9 /* DataPopulatorServiceInterface.swift in Sources */ = {isa = PBXBuildFile; fileRef = D89714A91F7751B300E846B9 /* DataPopulatorServiceInterface.swift */; };
		D8B94D591F5EA1FE00D373EF /* AppDelegate.swift in Sources */ = {isa = PBXBuildFile; fileRef = D8B94D581F5EA1FE00D373EF /* AppDelegate.swift */; };
		D8B94D601F5EA1FE00D373EF /* Assets.xcassets in Resources */ = {isa = PBXBuildFile; fileRef = D8B94D5F1F5EA1FE00D373EF /* Assets.xcassets */; };
		D8B94D631F5EA1FE00D373EF /* LaunchScreen.storyboard in Resources */ = {isa = PBXBuildFile; fileRef = D8B94D611F5EA1FE00D373EF /* LaunchScreen.storyboard */; };
		D8B94D6E1F5EA1FE00D373EF /* traprTests.swift in Sources */ = {isa = PBXBuildFile; fileRef = D8B94D6D1F5EA1FE00D373EF /* traprTests.swift */; };
		D8B94D7A1F5EA54300D373EF /* Styles.swift in Sources */ = {isa = PBXBuildFile; fileRef = D8B94D791F5EA54300D373EF /* Styles.swift */; };
		D8B94D7C1F5EA56F00D373EF /* UIColorExtension.swift in Sources */ = {isa = PBXBuildFile; fileRef = D8B94D7B1F5EA56F00D373EF /* UIColorExtension.swift */; };
		D8B94D801F5EA68B00D373EF /* HomeViewController.swift in Sources */ = {isa = PBXBuildFile; fileRef = D8B94D7F1F5EA68B00D373EF /* HomeViewController.swift */; };
		D8B94D831F5EA6B300D373EF /* RootWireframe.swift in Sources */ = {isa = PBXBuildFile; fileRef = D8B94D821F5EA6B300D373EF /* RootWireframe.swift */; };
		D8B94D851F5EA70200D373EF /* HomeWireframe.swift in Sources */ = {isa = PBXBuildFile; fileRef = D8B94D841F5EA70200D373EF /* HomeWireframe.swift */; };
		D8B94D8C1F5EA7EC00D373EF /* HomeViewInterface.swift in Sources */ = {isa = PBXBuildFile; fileRef = D8B94D8B1F5EA7EC00D373EF /* HomeViewInterface.swift */; };
		D8B94D901F5EA9D800D373EF /* HomeInteractorOutput.swift in Sources */ = {isa = PBXBuildFile; fileRef = D8B94D8F1F5EA9D800D373EF /* HomeInteractorOutput.swift */; };
		D8B94D921F5EAA0600D373EF /* HomeModuleInterface.swift in Sources */ = {isa = PBXBuildFile; fileRef = D8B94D911F5EAA0600D373EF /* HomeModuleInterface.swift */; };
		D8B94D941F5EAAEE00D373EF /* HomeInteractor.swift in Sources */ = {isa = PBXBuildFile; fileRef = D8B94D931F5EAAEE00D373EF /* HomeInteractor.swift */; };
		D8B94D961F5EAB0F00D373EF /* HomeInteractorInput.swift in Sources */ = {isa = PBXBuildFile; fileRef = D8B94D951F5EAB0F00D373EF /* HomeInteractorInput.swift */; };
		D8B94D981F5EAC3400D373EF /* HomeWireframeInput.swift in Sources */ = {isa = PBXBuildFile; fileRef = D8B94D971F5EAC3400D373EF /* HomeWireframeInput.swift */; };
		D8B94D9C1F5F30CD00D373EF /* menu.png in Resources */ = {isa = PBXBuildFile; fileRef = D8B94D9A1F5F30CD00D373EF /* menu.png */; };
		D8B94D9D1F5F30CD00D373EF /* menu@2x.png in Resources */ = {isa = PBXBuildFile; fileRef = D8B94D9B1F5F30CD00D373EF /* menu@2x.png */; };
		D8B94DA11F5F7B7A00D373EF /* Menu.xib in Resources */ = {isa = PBXBuildFile; fileRef = D8B94DA01F5F7B7A00D373EF /* Menu.xib */; };
		D8B94DA31F5F7CDA00D373EF /* MenuView.swift in Sources */ = {isa = PBXBuildFile; fileRef = D8B94DA21F5F7CDA00D373EF /* MenuView.swift */; };
		D8B94DA61F5F7FD900D373EF /* MenuWireframe.swift in Sources */ = {isa = PBXBuildFile; fileRef = D8B94DA51F5F7FD900D373EF /* MenuWireframe.swift */; };
		D8B94DA81F5F800B00D373EF /* MenuWireframeInput.swift in Sources */ = {isa = PBXBuildFile; fileRef = D8B94DA71F5F800B00D373EF /* MenuWireframeInput.swift */; };
		D8BC08431F6A4C2800B284EE /* VisitView.xib in Resources */ = {isa = PBXBuildFile; fileRef = D8BC08421F6A4C2800B284EE /* VisitView.xib */; };
		D8BC08461F6A541200B284EE /* greaterthan.png in Resources */ = {isa = PBXBuildFile; fileRef = D8BC08441F6A541200B284EE /* greaterthan.png */; };
		D8BC08471F6A541200B284EE /* lessthan.png in Resources */ = {isa = PBXBuildFile; fileRef = D8BC08451F6A541200B284EE /* lessthan.png */; };
		D8BC084A1F6A542700B284EE /* greaterthan@2x.png in Resources */ = {isa = PBXBuildFile; fileRef = D8BC08481F6A542700B284EE /* greaterthan@2x.png */; };
		D8BC084B1F6A542700B284EE /* lessthank@2x.png in Resources */ = {isa = PBXBuildFile; fileRef = D8BC08491F6A542700B284EE /* lessthank@2x.png */; };
		D8BC084F1F6B143800B284EE /* TrapType.swift in Sources */ = {isa = PBXBuildFile; fileRef = D8BC084E1F6B143800B284EE /* TrapType.swift */; };
		D8D729DE1F61C9CC0082CD4A /* VisitSummary.swift in Sources */ = {isa = PBXBuildFile; fileRef = D8D729DD1F61C9CC0082CD4A /* VisitSummary.swift */; };
		D8D729E21F61D7D30082CD4A /* VisitCollectionViewCell.swift in Sources */ = {isa = PBXBuildFile; fileRef = D8D729E11F61D7D30082CD4A /* VisitCollectionViewCell.swift */; };
		D8D729E41F61D91C0082CD4A /* VisitCollectionViewCell.xib in Resources */ = {isa = PBXBuildFile; fileRef = D8D729E31F61D91C0082CD4A /* VisitCollectionViewCell.xib */; };
		D8D729E61F64BD580082CD4A /* Podfile in Resources */ = {isa = PBXBuildFile; fileRef = D8D729E51F64BD580082CD4A /* Podfile */; };
		D8D729E81F64C4590082CD4A /* HomePresenter.swift in Sources */ = {isa = PBXBuildFile; fileRef = D8D729E71F64C4590082CD4A /* HomePresenter.swift */; };
/* End PBXBuildFile section */

/* Begin PBXContainerItemProxy section */
		D8B94D6A1F5EA1FE00D373EF /* PBXContainerItemProxy */ = {
			isa = PBXContainerItemProxy;
			containerPortal = D8B94D4D1F5EA1FE00D373EF /* Project object */;
			proxyType = 1;
			remoteGlobalIDString = D8B94D541F5EA1FE00D373EF;
			remoteInfo = trapr;
		};
/* End PBXContainerItemProxy section */

/* Begin PBXFileReference section */
		091A08517706BFB528BF6370 /* Pods_traprTests.framework */ = {isa = PBXFileReference; explicitFileType = wrapper.framework; includeInIndex = 0; path = Pods_traprTests.framework; sourceTree = BUILT_PRODUCTS_DIR; };
		3401E9024D5468D5D0E7B342 /* Pods-trapr.release.xcconfig */ = {isa = PBXFileReference; includeInIndex = 1; lastKnownFileType = text.xcconfig; name = "Pods-trapr.release.xcconfig"; path = "Pods/Target Support Files/Pods-trapr/Pods-trapr.release.xcconfig"; sourceTree = "<group>"; };
		7475BC73C1B9E9749C3B6277 /* Pods_trapr.framework */ = {isa = PBXFileReference; explicitFileType = wrapper.framework; includeInIndex = 0; path = Pods_trapr.framework; sourceTree = BUILT_PRODUCTS_DIR; };
		97E006917605C37E780CC0B5 /* Pods-traprTests.release.xcconfig */ = {isa = PBXFileReference; includeInIndex = 1; lastKnownFileType = text.xcconfig; name = "Pods-traprTests.release.xcconfig"; path = "Pods/Target Support Files/Pods-traprTests/Pods-traprTests.release.xcconfig"; sourceTree = "<group>"; };
		A13BAE40424D5A9104CB3D85 /* Pods-trapr.debug.xcconfig */ = {isa = PBXFileReference; includeInIndex = 1; lastKnownFileType = text.xcconfig; name = "Pods-trapr.debug.xcconfig"; path = "Pods/Target Support Files/Pods-trapr/Pods-trapr.debug.xcconfig"; sourceTree = "<group>"; };
		CB1480E579A12578A4F8D74D /* Pods-traprTests.debug.xcconfig */ = {isa = PBXFileReference; includeInIndex = 1; lastKnownFileType = text.xcconfig; name = "Pods-traprTests.debug.xcconfig"; path = "Pods/Target Support Files/Pods-traprTests/Pods-traprTests.debug.xcconfig"; sourceTree = "<group>"; };
		D80F7ECD1F6E79BF00814A52 /* TraplineServiceInterface.swift */ = {isa = PBXFileReference; fileEncoding = 4; lastKnownFileType = sourcecode.swift; path = TraplineServiceInterface.swift; sourceTree = "<group>"; };
		D80F7ECF1F6E7A9300814A52 /* TraplineService.swift */ = {isa = PBXFileReference; fileEncoding = 4; lastKnownFileType = sourcecode.swift; path = TraplineService.swift; sourceTree = "<group>"; };
		D80F7ED21F6E87D500814A52 /* DataPopulatorService.swift */ = {isa = PBXFileReference; fileEncoding = 4; lastKnownFileType = sourcecode.swift; path = DataPopulatorService.swift; sourceTree = "<group>"; };
		D80F7ED81F6E92C700814A52 /* TrapServiceInterface.swift */ = {isa = PBXFileReference; fileEncoding = 4; lastKnownFileType = sourcecode.swift; path = TrapServiceInterface.swift; sourceTree = "<group>"; };
		D80F7EDA1F6EF89700814A52 /* Station.swift */ = {isa = PBXFileReference; fileEncoding = 4; lastKnownFileType = sourcecode.swift; path = Station.swift; sourceTree = "<group>"; };
		D81883781F6931C600A74B5E /* Species.swift */ = {isa = PBXFileReference; fileEncoding = 4; lastKnownFileType = sourcecode.swift; path = Species.swift; sourceTree = "<group>"; };
		D81DAAEE1F68643400C7C987 /* VisitService.swift */ = {isa = PBXFileReference; fileEncoding = 4; lastKnownFileType = sourcecode.swift; path = VisitService.swift; sourceTree = "<group>"; };
		D81DAAF01F68652E00C7C987 /* Trap.swift */ = {isa = PBXFileReference; fileEncoding = 4; lastKnownFileType = sourcecode.swift; path = Trap.swift; sourceTree = "<group>"; };
		D81DAAF21F68659100C7C987 /* VisitServiceInterface.swift */ = {isa = PBXFileReference; fileEncoding = 4; lastKnownFileType = sourcecode.swift; path = VisitServiceInterface.swift; sourceTree = "<group>"; };
		D81DAAF41F6865DB00C7C987 /* Trapline.swift */ = {isa = PBXFileReference; fileEncoding = 4; lastKnownFileType = sourcecode.swift; path = Trapline.swift; sourceTree = "<group>"; };
		D81DAAF61F686EA800C7C987 /* ServiceFactory.swift */ = {isa = PBXFileReference; fileEncoding = 4; lastKnownFileType = sourcecode.swift; path = ServiceFactory.swift; sourceTree = "<group>"; };
		D83853001F64C66B00481B57 /* Trapr-Bridging-Header.h */ = {isa = PBXFileReference; lastKnownFileType = sourcecode.c.h; path = "Trapr-Bridging-Header.h"; sourceTree = "<group>"; };
		D83853011F6654CD00481B57 /* NewVisitCollectionViewCell.xib */ = {isa = PBXFileReference; fileEncoding = 4; lastKnownFileType = file.xib; path = NewVisitCollectionViewCell.xib; sourceTree = "<group>"; };
		D83853031F66555700481B57 /* plus.png */ = {isa = PBXFileReference; lastKnownFileType = image.png; path = plus.png; sourceTree = "<group>"; };
		D8503DBB1F66807C00ED0C84 /* VisitInteractor.swift */ = {isa = PBXFileReference; fileEncoding = 4; lastKnownFileType = sourcecode.swift; path = VisitInteractor.swift; sourceTree = "<group>"; };
		D8503DBC1F66807C00ED0C84 /* VisitInteractorInput.swift */ = {isa = PBXFileReference; fileEncoding = 4; lastKnownFileType = sourcecode.swift; path = VisitInteractorInput.swift; sourceTree = "<group>"; };
		D8503DBD1F66807C00ED0C84 /* VisitInteractorOutput.swift */ = {isa = PBXFileReference; fileEncoding = 4; lastKnownFileType = sourcecode.swift; path = VisitInteractorOutput.swift; sourceTree = "<group>"; };
		D8503DBE1F66807C00ED0C84 /* VisitModuleInterface.swift */ = {isa = PBXFileReference; fileEncoding = 4; lastKnownFileType = sourcecode.swift; path = VisitModuleInterface.swift; sourceTree = "<group>"; };
		D8503DBF1F66807C00ED0C84 /* VisitPresenter.swift */ = {isa = PBXFileReference; fileEncoding = 4; lastKnownFileType = sourcecode.swift; path = VisitPresenter.swift; sourceTree = "<group>"; };
		D8503DC01F66807C00ED0C84 /* VisitViewController.swift */ = {isa = PBXFileReference; fileEncoding = 4; lastKnownFileType = sourcecode.swift; path = VisitViewController.swift; sourceTree = "<group>"; };
		D8503DC11F66807C00ED0C84 /* VisitViewInterface.swift */ = {isa = PBXFileReference; fileEncoding = 4; lastKnownFileType = sourcecode.swift; path = VisitViewInterface.swift; sourceTree = "<group>"; };
		D8503DC21F66807C00ED0C84 /* VisitWireframe.swift */ = {isa = PBXFileReference; fileEncoding = 4; lastKnownFileType = sourcecode.swift; path = VisitWireframe.swift; sourceTree = "<group>"; };
		D8503DC31F66807C00ED0C84 /* VisitWireframeInput.swift */ = {isa = PBXFileReference; fileEncoding = 4; lastKnownFileType = sourcecode.swift; path = VisitWireframeInput.swift; sourceTree = "<group>"; };
		D8503DCD1F669B1F00ED0C84 /* DateExtention.swift */ = {isa = PBXFileReference; fileEncoding = 4; lastKnownFileType = sourcecode.swift; path = DateExtention.swift; sourceTree = "<group>"; };
		D8503DCF1F669F8500ED0C84 /* Visit.swift */ = {isa = PBXFileReference; fileEncoding = 4; lastKnownFileType = sourcecode.swift; path = Visit.swift; sourceTree = "<group>"; };
		D8503DD21F671CC600ED0C84 /* MenuPresenter.swift */ = {isa = PBXFileReference; fileEncoding = 4; lastKnownFileType = sourcecode.swift; path = MenuPresenter.swift; sourceTree = "<group>"; };
		D8503DD51F671D0A00ED0C84 /* MenuModuleInterface.swift */ = {isa = PBXFileReference; fileEncoding = 4; lastKnownFileType = sourcecode.swift; path = MenuModuleInterface.swift; sourceTree = "<group>"; };
		D8503DD71F67AF7800ED0C84 /* user.png */ = {isa = PBXFileReference; lastKnownFileType = image.png; path = user.png; sourceTree = "<group>"; };
		D897149D1F70CCCB00E846B9 /* traplineTests.swift */ = {isa = PBXFileReference; fileEncoding = 4; lastKnownFileType = sourcecode.swift; path = traplineTests.swift; sourceTree = "<group>"; };
		D897149F1F70CFB800E846B9 /* DataService.swift */ = {isa = PBXFileReference; fileEncoding = 4; lastKnownFileType = sourcecode.swift; path = DataService.swift; sourceTree = "<group>"; };
		D89714A11F737B6A00E846B9 /* visitTests.swift */ = {isa = PBXFileReference; fileEncoding = 4; lastKnownFileType = sourcecode.swift; path = visitTests.swift; sourceTree = "<group>"; };
		D89714A31F76197C00E846B9 /* Service.swift */ = {isa = PBXFileReference; fileEncoding = 4; lastKnownFileType = sourcecode.swift; path = Service.swift; sourceTree = "<group>"; };
		D89714A51F76200B00E846B9 /* ApplicationServiceInterface.swift */ = {isa = PBXFileReference; fileEncoding = 4; lastKnownFileType = sourcecode.swift; path = ApplicationServiceInterface.swift; sourceTree = "<group>"; };
		D89714A71F76202E00E846B9 /* ApplicationService.swift */ = {isa = PBXFileReference; fileEncoding = 4; lastKnownFileType = sourcecode.swift; path = ApplicationService.swift; sourceTree = "<group>"; };
		D89714A91F7751B300E846B9 /* DataPopulatorServiceInterface.swift */ = {isa = PBXFileReference; fileEncoding = 4; lastKnownFileType = sourcecode.swift; path = DataPopulatorServiceInterface.swift; sourceTree = "<group>"; };
		D8B94D551F5EA1FE00D373EF /* trapr.app */ = {isa = PBXFileReference; explicitFileType = wrapper.application; includeInIndex = 0; path = trapr.app; sourceTree = BUILT_PRODUCTS_DIR; };
		D8B94D581F5EA1FE00D373EF /* AppDelegate.swift */ = {isa = PBXFileReference; lastKnownFileType = sourcecode.swift; path = AppDelegate.swift; sourceTree = "<group>"; };
		D8B94D5F1F5EA1FE00D373EF /* Assets.xcassets */ = {isa = PBXFileReference; lastKnownFileType = folder.assetcatalog; path = Assets.xcassets; sourceTree = "<group>"; };
		D8B94D621F5EA1FE00D373EF /* Base */ = {isa = PBXFileReference; lastKnownFileType = file.storyboard; name = Base; path = Base.lproj/LaunchScreen.storyboard; sourceTree = "<group>"; };
		D8B94D641F5EA1FE00D373EF /* Info.plist */ = {isa = PBXFileReference; lastKnownFileType = text.plist.xml; path = Info.plist; sourceTree = "<group>"; };
		D8B94D691F5EA1FE00D373EF /* traprTests.xctest */ = {isa = PBXFileReference; explicitFileType = wrapper.cfbundle; includeInIndex = 0; path = traprTests.xctest; sourceTree = BUILT_PRODUCTS_DIR; };
		D8B94D6D1F5EA1FE00D373EF /* traprTests.swift */ = {isa = PBXFileReference; lastKnownFileType = sourcecode.swift; path = traprTests.swift; sourceTree = "<group>"; };
		D8B94D6F1F5EA1FE00D373EF /* Info.plist */ = {isa = PBXFileReference; lastKnownFileType = text.plist.xml; path = Info.plist; sourceTree = "<group>"; };
		D8B94D791F5EA54300D373EF /* Styles.swift */ = {isa = PBXFileReference; fileEncoding = 4; lastKnownFileType = sourcecode.swift; path = Styles.swift; sourceTree = "<group>"; };
		D8B94D7B1F5EA56F00D373EF /* UIColorExtension.swift */ = {isa = PBXFileReference; fileEncoding = 4; lastKnownFileType = sourcecode.swift; path = UIColorExtension.swift; sourceTree = "<group>"; };
		D8B94D7F1F5EA68B00D373EF /* HomeViewController.swift */ = {isa = PBXFileReference; fileEncoding = 4; lastKnownFileType = sourcecode.swift; path = HomeViewController.swift; sourceTree = "<group>"; };
		D8B94D821F5EA6B300D373EF /* RootWireframe.swift */ = {isa = PBXFileReference; fileEncoding = 4; lastKnownFileType = sourcecode.swift; path = RootWireframe.swift; sourceTree = "<group>"; };
		D8B94D841F5EA70200D373EF /* HomeWireframe.swift */ = {isa = PBXFileReference; fileEncoding = 4; lastKnownFileType = sourcecode.swift; path = HomeWireframe.swift; sourceTree = "<group>"; };
		D8B94D8B1F5EA7EC00D373EF /* HomeViewInterface.swift */ = {isa = PBXFileReference; fileEncoding = 4; lastKnownFileType = sourcecode.swift; path = HomeViewInterface.swift; sourceTree = "<group>"; };
		D8B94D8F1F5EA9D800D373EF /* HomeInteractorOutput.swift */ = {isa = PBXFileReference; fileEncoding = 4; lastKnownFileType = sourcecode.swift; path = HomeInteractorOutput.swift; sourceTree = "<group>"; };
		D8B94D911F5EAA0600D373EF /* HomeModuleInterface.swift */ = {isa = PBXFileReference; fileEncoding = 4; lastKnownFileType = sourcecode.swift; path = HomeModuleInterface.swift; sourceTree = "<group>"; };
		D8B94D931F5EAAEE00D373EF /* HomeInteractor.swift */ = {isa = PBXFileReference; fileEncoding = 4; lastKnownFileType = sourcecode.swift; path = HomeInteractor.swift; sourceTree = "<group>"; };
		D8B94D951F5EAB0F00D373EF /* HomeInteractorInput.swift */ = {isa = PBXFileReference; fileEncoding = 4; lastKnownFileType = sourcecode.swift; path = HomeInteractorInput.swift; sourceTree = "<group>"; };
		D8B94D971F5EAC3400D373EF /* HomeWireframeInput.swift */ = {isa = PBXFileReference; fileEncoding = 4; lastKnownFileType = sourcecode.swift; path = HomeWireframeInput.swift; sourceTree = "<group>"; };
		D8B94D9A1F5F30CD00D373EF /* menu.png */ = {isa = PBXFileReference; lastKnownFileType = image.png; path = menu.png; sourceTree = "<group>"; };
		D8B94D9B1F5F30CD00D373EF /* menu@2x.png */ = {isa = PBXFileReference; lastKnownFileType = image.png; path = "menu@2x.png"; sourceTree = "<group>"; };
		D8B94DA01F5F7B7A00D373EF /* Menu.xib */ = {isa = PBXFileReference; fileEncoding = 4; lastKnownFileType = file.xib; path = Menu.xib; sourceTree = "<group>"; };
		D8B94DA21F5F7CDA00D373EF /* MenuView.swift */ = {isa = PBXFileReference; fileEncoding = 4; lastKnownFileType = sourcecode.swift; path = MenuView.swift; sourceTree = "<group>"; };
		D8B94DA51F5F7FD900D373EF /* MenuWireframe.swift */ = {isa = PBXFileReference; fileEncoding = 4; lastKnownFileType = sourcecode.swift; path = MenuWireframe.swift; sourceTree = "<group>"; };
		D8B94DA71F5F800B00D373EF /* MenuWireframeInput.swift */ = {isa = PBXFileReference; fileEncoding = 4; lastKnownFileType = sourcecode.swift; path = MenuWireframeInput.swift; sourceTree = "<group>"; };
		D8BC08421F6A4C2800B284EE /* VisitView.xib */ = {isa = PBXFileReference; fileEncoding = 4; lastKnownFileType = file.xib; path = VisitView.xib; sourceTree = "<group>"; };
		D8BC08441F6A541200B284EE /* greaterthan.png */ = {isa = PBXFileReference; lastKnownFileType = image.png; path = greaterthan.png; sourceTree = "<group>"; };
		D8BC08451F6A541200B284EE /* lessthan.png */ = {isa = PBXFileReference; lastKnownFileType = image.png; path = lessthan.png; sourceTree = "<group>"; };
		D8BC08481F6A542700B284EE /* greaterthan@2x.png */ = {isa = PBXFileReference; lastKnownFileType = image.png; path = "greaterthan@2x.png"; sourceTree = "<group>"; };
		D8BC08491F6A542700B284EE /* lessthank@2x.png */ = {isa = PBXFileReference; lastKnownFileType = image.png; path = "lessthank@2x.png"; sourceTree = "<group>"; };
		D8BC084E1F6B143800B284EE /* TrapType.swift */ = {isa = PBXFileReference; fileEncoding = 4; lastKnownFileType = sourcecode.swift; path = TrapType.swift; sourceTree = "<group>"; };
		D8D729DD1F61C9CC0082CD4A /* VisitSummary.swift */ = {isa = PBXFileReference; fileEncoding = 4; lastKnownFileType = sourcecode.swift; path = VisitSummary.swift; sourceTree = "<group>"; };
		D8D729E11F61D7D30082CD4A /* VisitCollectionViewCell.swift */ = {isa = PBXFileReference; fileEncoding = 4; lastKnownFileType = sourcecode.swift; path = VisitCollectionViewCell.swift; sourceTree = "<group>"; };
		D8D729E31F61D91C0082CD4A /* VisitCollectionViewCell.xib */ = {isa = PBXFileReference; fileEncoding = 4; lastKnownFileType = file.xib; path = VisitCollectionViewCell.xib; sourceTree = "<group>"; };
		D8D729E51F64BD580082CD4A /* Podfile */ = {isa = PBXFileReference; fileEncoding = 4; lastKnownFileType = text; path = Podfile; sourceTree = "<group>"; xcLanguageSpecificationIdentifier = xcode.lang.ruby; };
		D8D729E71F64C4590082CD4A /* HomePresenter.swift */ = {isa = PBXFileReference; fileEncoding = 4; lastKnownFileType = sourcecode.swift; path = HomePresenter.swift; sourceTree = "<group>"; };
/* End PBXFileReference section */

/* Begin PBXFrameworksBuildPhase section */
		D8B94D521F5EA1FE00D373EF /* Frameworks */ = {
			isa = PBXFrameworksBuildPhase;
			buildActionMask = 2147483647;
			files = (
				699D613385EE2884367110A5 /* Pods_trapr.framework in Frameworks */,
			);
			runOnlyForDeploymentPostprocessing = 0;
		};
		D8B94D661F5EA1FE00D373EF /* Frameworks */ = {
			isa = PBXFrameworksBuildPhase;
			buildActionMask = 2147483647;
			files = (
				5E21E305B912DE761C65F817 /* Pods_traprTests.framework in Frameworks */,
			);
			runOnlyForDeploymentPostprocessing = 0;
		};
/* End PBXFrameworksBuildPhase section */

/* Begin PBXGroup section */
		656A900689C7002B49016BF1 /* Frameworks */ = {
			isa = PBXGroup;
			children = (
				7475BC73C1B9E9749C3B6277 /* Pods_trapr.framework */,
				091A08517706BFB528BF6370 /* Pods_traprTests.framework */,
			);
			name = Frameworks;
			sourceTree = "<group>";
		};
		D80F7ED11F6E879D00814A52 /* Data */ = {
			isa = PBXGroup;
			children = (
			);
			name = Data;
			sourceTree = "<group>";
		};
		D81DAAED1F68641E00C7C987 /* Services */ = {
			isa = PBXGroup;
			children = (
				D89714A71F76202E00E846B9 /* ApplicationService.swift */,
				D89714A51F76200B00E846B9 /* ApplicationServiceInterface.swift */,
				D80F7ED21F6E87D500814A52 /* DataPopulatorService.swift */,
				D89714A91F7751B300E846B9 /* DataPopulatorServiceInterface.swift */,
				D897149F1F70CFB800E846B9 /* DataService.swift */,
				D89714A31F76197C00E846B9 /* Service.swift */,
				D81DAAF61F686EA800C7C987 /* ServiceFactory.swift */,
				D80F7ECF1F6E7A9300814A52 /* TraplineService.swift */,
				D80F7ECD1F6E79BF00814A52 /* TraplineServiceInterface.swift */,
				D80F7ED81F6E92C700814A52 /* TrapServiceInterface.swift */,
				D81DAAEE1F68643400C7C987 /* VisitService.swift */,
				D81DAAF21F68659100C7C987 /* VisitServiceInterface.swift */,
			);
			name = Services;
			sourceTree = "<group>";
		};
		D8503DB51F667F8100ED0C84 /* Visit */ = {
			isa = PBXGroup;
			children = (
				D8503DB61F667F9A00ED0C84 /* View */,
				D8503DB71F667FA400ED0C84 /* Interactor */,
				D8503DB81F667FAD00ED0C84 /* Presenter */,
				D8503DB91F667FB700ED0C84 /* Entities */,
				D8503DBA1F667FC000ED0C84 /* Router */,
			);
			name = Visit;
			sourceTree = "<group>";
		};
		D8503DB61F667F9A00ED0C84 /* View */ = {
			isa = PBXGroup;
			children = (
				D8503DC01F66807C00ED0C84 /* VisitViewController.swift */,
				D8503DC11F66807C00ED0C84 /* VisitViewInterface.swift */,
				D8BC08421F6A4C2800B284EE /* VisitView.xib */,
			);
			name = View;
			sourceTree = "<group>";
		};
		D8503DB71F667FA400ED0C84 /* Interactor */ = {
			isa = PBXGroup;
			children = (
				D8503DBB1F66807C00ED0C84 /* VisitInteractor.swift */,
				D8503DBC1F66807C00ED0C84 /* VisitInteractorInput.swift */,
			);
			name = Interactor;
			sourceTree = "<group>";
		};
		D8503DB81F667FAD00ED0C84 /* Presenter */ = {
			isa = PBXGroup;
			children = (
				D8503DBD1F66807C00ED0C84 /* VisitInteractorOutput.swift */,
				D8503DBE1F66807C00ED0C84 /* VisitModuleInterface.swift */,
				D8503DBF1F66807C00ED0C84 /* VisitPresenter.swift */,
			);
			name = Presenter;
			sourceTree = "<group>";
		};
		D8503DB91F667FB700ED0C84 /* Entities */ = {
			isa = PBXGroup;
			children = (
			);
			name = Entities;
			sourceTree = "<group>";
		};
		D8503DBA1F667FC000ED0C84 /* Router */ = {
			isa = PBXGroup;
			children = (
				D8503DC21F66807C00ED0C84 /* VisitWireframe.swift */,
				D8503DC31F66807C00ED0C84 /* VisitWireframeInput.swift */,
			);
			name = Router;
			sourceTree = "<group>";
		};
		D8503DD11F669F8B00ED0C84 /* Model */ = {
			isa = PBXGroup;
			children = (
				D80F7ED11F6E879D00814A52 /* Data */,
				D8503DCF1F669F8500ED0C84 /* Visit.swift */,
				D8D729DD1F61C9CC0082CD4A /* VisitSummary.swift */,
				D81DAAF01F68652E00C7C987 /* Trap.swift */,
				D81DAAF41F6865DB00C7C987 /* Trapline.swift */,
				D81883781F6931C600A74B5E /* Species.swift */,
				D8BC084E1F6B143800B284EE /* TrapType.swift */,
				D80F7EDA1F6EF89700814A52 /* Station.swift */,
			);
			name = Model;
			sourceTree = "<group>";
		};
		D8503DD41F671CD100ED0C84 /* Presenter */ = {
			isa = PBXGroup;
			children = (
				D8503DD21F671CC600ED0C84 /* MenuPresenter.swift */,
				D8503DD51F671D0A00ED0C84 /* MenuModuleInterface.swift */,
			);
			name = Presenter;
			sourceTree = "<group>";
		};
		D8B94D4C1F5EA1FE00D373EF = {
			isa = PBXGroup;
			children = (
				D83853001F64C66B00481B57 /* Trapr-Bridging-Header.h */,
				D8D729E51F64BD580082CD4A /* Podfile */,
				D8B94D571F5EA1FE00D373EF /* trapr */,
				D8B94D6C1F5EA1FE00D373EF /* traprTests */,
				D8B94D561F5EA1FE00D373EF /* Products */,
				D9137A3F9761619C4FFA1891 /* Pods */,
				656A900689C7002B49016BF1 /* Frameworks */,
			);
			sourceTree = "<group>";
		};
		D8B94D561F5EA1FE00D373EF /* Products */ = {
			isa = PBXGroup;
			children = (
				D8B94D551F5EA1FE00D373EF /* trapr.app */,
				D8B94D691F5EA1FE00D373EF /* traprTests.xctest */,
			);
			name = Products;
			sourceTree = "<group>";
		};
		D8B94D571F5EA1FE00D373EF /* trapr */ = {
			isa = PBXGroup;
			children = (
				D81DAAED1F68641E00C7C987 /* Services */,
				D8503DD11F669F8B00ED0C84 /* Model */,
				D8B94D7D1F5EA67300D373EF /* Modules */,
				D8B94D781F5EA52200D373EF /* Design */,
				D8B94D581F5EA1FE00D373EF /* AppDelegate.swift */,
				D8B94D5F1F5EA1FE00D373EF /* Assets.xcassets */,
				D8B94D611F5EA1FE00D373EF /* LaunchScreen.storyboard */,
				D8B94D641F5EA1FE00D373EF /* Info.plist */,
			);
			path = trapr;
			sourceTree = "<group>";
		};
		D8B94D6C1F5EA1FE00D373EF /* traprTests */ = {
			isa = PBXGroup;
			children = (
				D897149D1F70CCCB00E846B9 /* traplineTests.swift */,
				D8B94D6D1F5EA1FE00D373EF /* traprTests.swift */,
				D8B94D6F1F5EA1FE00D373EF /* Info.plist */,
				D89714A11F737B6A00E846B9 /* visitTests.swift */,
			);
			path = traprTests;
			sourceTree = "<group>";
		};
		D8B94D781F5EA52200D373EF /* Design */ = {
			isa = PBXGroup;
			children = (
				D8B94D991F5F28F200D373EF /* Images */,
				D8B94D791F5EA54300D373EF /* Styles.swift */,
				D8B94D7B1F5EA56F00D373EF /* UIColorExtension.swift */,
				D8503DCD1F669B1F00ED0C84 /* DateExtention.swift */,
			);
			name = Design;
			sourceTree = "<group>";
		};
		D8B94D7D1F5EA67300D373EF /* Modules */ = {
			isa = PBXGroup;
			children = (
				D8B94D811F5EA6A100D373EF /* Root */,
				D8B94D9E1F5F39C400D373EF /* Menu */,
				D8B94D7E1F5EA67B00D373EF /* Home */,
				D8503DB51F667F8100ED0C84 /* Visit */,
			);
			name = Modules;
			sourceTree = "<group>";
		};
		D8B94D7E1F5EA67B00D373EF /* Home */ = {
			isa = PBXGroup;
			children = (
				D8B94D861F5EA79200D373EF /* View */,
				D8B94D871F5EA79900D373EF /* Interactor */,
				D8B94D881F5EA7A300D373EF /* Presenter */,
				D8B94D891F5EA7BD00D373EF /* Entities */,
				D8B94D8A1F5EA7CF00D373EF /* Router */,
			);
			name = Home;
			sourceTree = "<group>";
		};
		D8B94D811F5EA6A100D373EF /* Root */ = {
			isa = PBXGroup;
			children = (
				D8B94D821F5EA6B300D373EF /* RootWireframe.swift */,
			);
			name = Root;
			sourceTree = "<group>";
		};
		D8B94D861F5EA79200D373EF /* View */ = {
			isa = PBXGroup;
			children = (
				D8B94D7F1F5EA68B00D373EF /* HomeViewController.swift */,
				D8B94D8B1F5EA7EC00D373EF /* HomeViewInterface.swift */,
				D8D729E11F61D7D30082CD4A /* VisitCollectionViewCell.swift */,
				D8D729E31F61D91C0082CD4A /* VisitCollectionViewCell.xib */,
				D83853011F6654CD00481B57 /* NewVisitCollectionViewCell.xib */,
			);
			name = View;
			sourceTree = "<group>";
		};
		D8B94D871F5EA79900D373EF /* Interactor */ = {
			isa = PBXGroup;
			children = (
				D8B94D931F5EAAEE00D373EF /* HomeInteractor.swift */,
				D8B94D951F5EAB0F00D373EF /* HomeInteractorInput.swift */,
			);
			name = Interactor;
			sourceTree = "<group>";
		};
		D8B94D881F5EA7A300D373EF /* Presenter */ = {
			isa = PBXGroup;
			children = (
				D8B94D8F1F5EA9D800D373EF /* HomeInteractorOutput.swift */,
				D8B94D911F5EAA0600D373EF /* HomeModuleInterface.swift */,
				D8D729E71F64C4590082CD4A /* HomePresenter.swift */,
			);
			name = Presenter;
			sourceTree = "<group>";
		};
		D8B94D891F5EA7BD00D373EF /* Entities */ = {
			isa = PBXGroup;
			children = (
			);
			name = Entities;
			sourceTree = "<group>";
		};
		D8B94D8A1F5EA7CF00D373EF /* Router */ = {
			isa = PBXGroup;
			children = (
				D8B94D841F5EA70200D373EF /* HomeWireframe.swift */,
				D8B94D971F5EAC3400D373EF /* HomeWireframeInput.swift */,
			);
			name = Router;
			sourceTree = "<group>";
		};
		D8B94D991F5F28F200D373EF /* Images */ = {
			isa = PBXGroup;
			children = (
				D8BC08441F6A541200B284EE /* greaterthan.png */,
				D8BC08481F6A542700B284EE /* greaterthan@2x.png */,
				D8BC08451F6A541200B284EE /* lessthan.png */,
				D8BC08491F6A542700B284EE /* lessthank@2x.png */,
				D8B94D9A1F5F30CD00D373EF /* menu.png */,
				D8B94D9B1F5F30CD00D373EF /* menu@2x.png */,
				D83853031F66555700481B57 /* plus.png */,
				D8503DD71F67AF7800ED0C84 /* user.png */,
			);
			name = Images;
			sourceTree = "<group>";
		};
		D8B94D9E1F5F39C400D373EF /* Menu */ = {
			isa = PBXGroup;
			children = (
				D8B94D9F1F5F7B4C00D373EF /* View */,
				D8503DD41F671CD100ED0C84 /* Presenter */,
				D8B94DA41F5F7FC800D373EF /* Router */,
			);
			name = Menu;
			sourceTree = "<group>";
		};
		D8B94D9F1F5F7B4C00D373EF /* View */ = {
			isa = PBXGroup;
			children = (
				D8B94DA01F5F7B7A00D373EF /* Menu.xib */,
				D8B94DA21F5F7CDA00D373EF /* MenuView.swift */,
			);
			name = View;
			sourceTree = "<group>";
		};
		D8B94DA41F5F7FC800D373EF /* Router */ = {
			isa = PBXGroup;
			children = (
				D8B94DA51F5F7FD900D373EF /* MenuWireframe.swift */,
				D8B94DA71F5F800B00D373EF /* MenuWireframeInput.swift */,
			);
			name = Router;
			sourceTree = "<group>";
		};
		D9137A3F9761619C4FFA1891 /* Pods */ = {
			isa = PBXGroup;
			children = (
				A13BAE40424D5A9104CB3D85 /* Pods-trapr.debug.xcconfig */,
				3401E9024D5468D5D0E7B342 /* Pods-trapr.release.xcconfig */,
				CB1480E579A12578A4F8D74D /* Pods-traprTests.debug.xcconfig */,
				97E006917605C37E780CC0B5 /* Pods-traprTests.release.xcconfig */,
			);
			name = Pods;
			sourceTree = "<group>";
		};
/* End PBXGroup section */

/* Begin PBXNativeTarget section */
		D8B94D541F5EA1FE00D373EF /* trapr */ = {
			isa = PBXNativeTarget;
			buildConfigurationList = D8B94D721F5EA1FE00D373EF /* Build configuration list for PBXNativeTarget "trapr" */;
			buildPhases = (
				F950247E27DF98114E92AB1F /* [CP] Check Pods Manifest.lock */,
				D8B94D511F5EA1FE00D373EF /* Sources */,
				D8B94D521F5EA1FE00D373EF /* Frameworks */,
				D8B94D531F5EA1FE00D373EF /* Resources */,
				E47BD7212A05A0F1A304270D /* [CP] Embed Pods Frameworks */,
				3DCBCC59219F7C660155A775 /* [CP] Copy Pods Resources */,
			);
			buildRules = (
			);
			dependencies = (
			);
			name = trapr;
			productName = trapr;
			productReference = D8B94D551F5EA1FE00D373EF /* trapr.app */;
			productType = "com.apple.product-type.application";
		};
		D8B94D681F5EA1FE00D373EF /* traprTests */ = {
			isa = PBXNativeTarget;
			buildConfigurationList = D8B94D751F5EA1FE00D373EF /* Build configuration list for PBXNativeTarget "traprTests" */;
			buildPhases = (
				367FB6A19C05F5F0A01D84EA /* [CP] Check Pods Manifest.lock */,
				D8B94D651F5EA1FE00D373EF /* Sources */,
				D8B94D661F5EA1FE00D373EF /* Frameworks */,
				D8B94D671F5EA1FE00D373EF /* Resources */,
				0A2B8859EAB0DE16451D9450 /* [CP] Embed Pods Frameworks */,
				2F9366D05CFF284D9BED1789 /* [CP] Copy Pods Resources */,
			);
			buildRules = (
			);
			dependencies = (
				D8B94D6B1F5EA1FE00D373EF /* PBXTargetDependency */,
			);
			name = traprTests;
			productName = traprTests;
			productReference = D8B94D691F5EA1FE00D373EF /* traprTests.xctest */;
			productType = "com.apple.product-type.bundle.unit-test";
		};
/* End PBXNativeTarget section */

/* Begin PBXProject section */
		D8B94D4D1F5EA1FE00D373EF /* Project object */ = {
			isa = PBXProject;
			attributes = {
				LastSwiftUpdateCheck = 0830;
				LastUpgradeCheck = 0830;
				ORGANIZATIONNAME = "Andrew Tokeley ";
				TargetAttributes = {
					D8B94D541F5EA1FE00D373EF = {
						CreatedOnToolsVersion = 8.3.1;
						DevelopmentTeam = 2DTZ6ESMX9;
						ProvisioningStyle = Automatic;
					};
					D8B94D681F5EA1FE00D373EF = {
						CreatedOnToolsVersion = 8.3.1;
						ProvisioningStyle = Automatic;
						TestTargetID = D8B94D541F5EA1FE00D373EF;
					};
				};
			};
			buildConfigurationList = D8B94D501F5EA1FE00D373EF /* Build configuration list for PBXProject "trapr" */;
			compatibilityVersion = "Xcode 3.2";
			developmentRegion = English;
			hasScannedForEncodings = 0;
			knownRegions = (
				en,
				Base,
			);
			mainGroup = D8B94D4C1F5EA1FE00D373EF;
			productRefGroup = D8B94D561F5EA1FE00D373EF /* Products */;
			projectDirPath = "";
			projectRoot = "";
			targets = (
				D8B94D541F5EA1FE00D373EF /* trapr */,
				D8B94D681F5EA1FE00D373EF /* traprTests */,
			);
		};
/* End PBXProject section */

/* Begin PBXResourcesBuildPhase section */
		D8B94D531F5EA1FE00D373EF /* Resources */ = {
			isa = PBXResourcesBuildPhase;
			buildActionMask = 2147483647;
			files = (
				D8B94D631F5EA1FE00D373EF /* LaunchScreen.storyboard in Resources */,
				D8B94DA11F5F7B7A00D373EF /* Menu.xib in Resources */,
				D8BC084A1F6A542700B284EE /* greaterthan@2x.png in Resources */,
				D83853041F66555700481B57 /* plus.png in Resources */,
				D8B94D9D1F5F30CD00D373EF /* menu@2x.png in Resources */,
				D8B94D601F5EA1FE00D373EF /* Assets.xcassets in Resources */,
				D8BC084B1F6A542700B284EE /* lessthank@2x.png in Resources */,
				D8D729E41F61D91C0082CD4A /* VisitCollectionViewCell.xib in Resources */,
				D8503DD81F67AF7800ED0C84 /* user.png in Resources */,
				D8D729E61F64BD580082CD4A /* Podfile in Resources */,
				D8B94D9C1F5F30CD00D373EF /* menu.png in Resources */,
				D8BC08431F6A4C2800B284EE /* VisitView.xib in Resources */,
				D83853021F6654CD00481B57 /* NewVisitCollectionViewCell.xib in Resources */,
				D8BC08471F6A541200B284EE /* lessthan.png in Resources */,
				D8BC08461F6A541200B284EE /* greaterthan.png in Resources */,
			);
			runOnlyForDeploymentPostprocessing = 0;
		};
		D8B94D671F5EA1FE00D373EF /* Resources */ = {
			isa = PBXResourcesBuildPhase;
			buildActionMask = 2147483647;
			files = (
			);
			runOnlyForDeploymentPostprocessing = 0;
		};
/* End PBXResourcesBuildPhase section */

/* Begin PBXShellScriptBuildPhase section */
		0A2B8859EAB0DE16451D9450 /* [CP] Embed Pods Frameworks */ = {
			isa = PBXShellScriptBuildPhase;
			buildActionMask = 2147483647;
			files = (
			);
			inputPaths = (
			);
			name = "[CP] Embed Pods Frameworks";
			outputPaths = (
			);
			runOnlyForDeploymentPostprocessing = 0;
			shellPath = /bin/sh;
			shellScript = "\"${SRCROOT}/Pods/Target Support Files/Pods-traprTests/Pods-traprTests-frameworks.sh\"\n";
			showEnvVarsInLog = 0;
		};
		2F9366D05CFF284D9BED1789 /* [CP] Copy Pods Resources */ = {
			isa = PBXShellScriptBuildPhase;
			buildActionMask = 2147483647;
			files = (
			);
			inputPaths = (
			);
			name = "[CP] Copy Pods Resources";
			outputPaths = (
			);
			runOnlyForDeploymentPostprocessing = 0;
			shellPath = /bin/sh;
			shellScript = "\"${SRCROOT}/Pods/Target Support Files/Pods-traprTests/Pods-traprTests-resources.sh\"\n";
			showEnvVarsInLog = 0;
		};
		367FB6A19C05F5F0A01D84EA /* [CP] Check Pods Manifest.lock */ = {
			isa = PBXShellScriptBuildPhase;
			buildActionMask = 2147483647;
			files = (
			);
			inputPaths = (
			);
			name = "[CP] Check Pods Manifest.lock";
			outputPaths = (
			);
			runOnlyForDeploymentPostprocessing = 0;
			shellPath = /bin/sh;
			shellScript = "diff \"${PODS_PODFILE_DIR_PATH}/Podfile.lock\" \"${PODS_ROOT}/Manifest.lock\" > /dev/null\nif [ $? != 0 ] ; then\n    # print error to STDERR\n    echo \"error: The sandbox is not in sync with the Podfile.lock. Run 'pod install' or update your CocoaPods installation.\" >&2\n    exit 1\nfi\n";
			showEnvVarsInLog = 0;
		};
		3DCBCC59219F7C660155A775 /* [CP] Copy Pods Resources */ = {
			isa = PBXShellScriptBuildPhase;
			buildActionMask = 2147483647;
			files = (
			);
			inputPaths = (
			);
			name = "[CP] Copy Pods Resources";
			outputPaths = (
			);
			runOnlyForDeploymentPostprocessing = 0;
			shellPath = /bin/sh;
			shellScript = "\"${SRCROOT}/Pods/Target Support Files/Pods-trapr/Pods-trapr-resources.sh\"\n";
			showEnvVarsInLog = 0;
		};
		E47BD7212A05A0F1A304270D /* [CP] Embed Pods Frameworks */ = {
			isa = PBXShellScriptBuildPhase;
			buildActionMask = 2147483647;
			files = (
			);
			inputPaths = (
			);
			name = "[CP] Embed Pods Frameworks";
			outputPaths = (
			);
			runOnlyForDeploymentPostprocessing = 0;
			shellPath = /bin/sh;
			shellScript = "\"${SRCROOT}/Pods/Target Support Files/Pods-trapr/Pods-trapr-frameworks.sh\"\n";
			showEnvVarsInLog = 0;
		};
		F950247E27DF98114E92AB1F /* [CP] Check Pods Manifest.lock */ = {
			isa = PBXShellScriptBuildPhase;
			buildActionMask = 2147483647;
			files = (
			);
			inputPaths = (
			);
			name = "[CP] Check Pods Manifest.lock";
			outputPaths = (
			);
			runOnlyForDeploymentPostprocessing = 0;
			shellPath = /bin/sh;
			shellScript = "diff \"${PODS_PODFILE_DIR_PATH}/Podfile.lock\" \"${PODS_ROOT}/Manifest.lock\" > /dev/null\nif [ $? != 0 ] ; then\n    # print error to STDERR\n    echo \"error: The sandbox is not in sync with the Podfile.lock. Run 'pod install' or update your CocoaPods installation.\" >&2\n    exit 1\nfi\n";
			showEnvVarsInLog = 0;
		};
/* End PBXShellScriptBuildPhase section */

/* Begin PBXSourcesBuildPhase section */
		D8B94D511F5EA1FE00D373EF /* Sources */ = {
			isa = PBXSourcesBuildPhase;
			buildActionMask = 2147483647;
			files = (
				D80F7ED01F6E7A9300814A52 /* TraplineService.swift in Sources */,
				D8503DC61F66807C00ED0C84 /* VisitInteractorOutput.swift in Sources */,
				D8B94D801F5EA68B00D373EF /* HomeViewController.swift in Sources */,
				D8B94D921F5EAA0600D373EF /* HomeModuleInterface.swift in Sources */,
				D8B94D7A1F5EA54300D373EF /* Styles.swift in Sources */,
				D80F7ED31F6E87D500814A52 /* DataPopulatorService.swift in Sources */,
				D81883791F6931C600A74B5E /* Species.swift in Sources */,
				D8D729DE1F61C9CC0082CD4A /* VisitSummary.swift in Sources */,
				D81DAAF51F6865DB00C7C987 /* Trapline.swift in Sources */,
				D8B94D941F5EAAEE00D373EF /* HomeInteractor.swift in Sources */,
				D8B94D831F5EA6B300D373EF /* RootWireframe.swift in Sources */,
				D81DAAF71F686EA800C7C987 /* ServiceFactory.swift in Sources */,
				D80F7ECE1F6E79BF00814A52 /* TraplineServiceInterface.swift in Sources */,
				D8B94D851F5EA70200D373EF /* HomeWireframe.swift in Sources */,
				D8B94D591F5EA1FE00D373EF /* AppDelegate.swift in Sources */,
				D8D729E21F61D7D30082CD4A /* VisitCollectionViewCell.swift in Sources */,
				D8503DCE1F669B1F00ED0C84 /* DateExtention.swift in Sources */,
				D8503DC91F66807C00ED0C84 /* VisitViewController.swift in Sources */,
				D81DAAF11F68652E00C7C987 /* Trap.swift in Sources */,
				D8503DC81F66807C00ED0C84 /* VisitPresenter.swift in Sources */,
				D81DAAEF1F68643400C7C987 /* VisitService.swift in Sources */,
				D8B94DA31F5F7CDA00D373EF /* MenuView.swift in Sources */,
				D8503DC71F66807C00ED0C84 /* VisitModuleInterface.swift in Sources */,
				D8B94DA61F5F7FD900D373EF /* MenuWireframe.swift in Sources */,
				D89714AA1F7751B300E846B9 /* DataPopulatorServiceInterface.swift in Sources */,
				D8503DD01F669F8500ED0C84 /* Visit.swift in Sources */,
				D81DAAF31F68659100C7C987 /* VisitServiceInterface.swift in Sources */,
				D80F7EDB1F6EF89700814A52 /* Station.swift in Sources */,
				D89714A01F70CFB800E846B9 /* DataService.swift in Sources */,
				D8BC084F1F6B143800B284EE /* TrapType.swift in Sources */,
				D8B94D961F5EAB0F00D373EF /* HomeInteractorInput.swift in Sources */,
				D8503DCA1F66807C00ED0C84 /* VisitViewInterface.swift in Sources */,
				D8B94DA81F5F800B00D373EF /* MenuWireframeInput.swift in Sources */,
				D89714A41F76197D00E846B9 /* Service.swift in Sources */,
				D8503DCB1F66807C00ED0C84 /* VisitWireframe.swift in Sources */,
				D89714A61F76200B00E846B9 /* ApplicationServiceInterface.swift in Sources */,
				D8503DC41F66807C00ED0C84 /* VisitInteractor.swift in Sources */,
				D80F7ED91F6E92C700814A52 /* TrapServiceInterface.swift in Sources */,
				D8B94D981F5EAC3400D373EF /* HomeWireframeInput.swift in Sources */,
				D8503DD31F671CC600ED0C84 /* MenuPresenter.swift in Sources */,
				D8B94D7C1F5EA56F00D373EF /* UIColorExtension.swift in Sources */,
				D8503DD61F671D0A00ED0C84 /* MenuModuleInterface.swift in Sources */,
				D8D729E81F64C4590082CD4A /* HomePresenter.swift in Sources */,
				D8503DCC1F66807C00ED0C84 /* VisitWireframeInput.swift in Sources */,
				D8B94D901F5EA9D800D373EF /* HomeInteractorOutput.swift in Sources */,
				D89714A81F76202E00E846B9 /* ApplicationService.swift in Sources */,
				D8B94D8C1F5EA7EC00D373EF /* HomeViewInterface.swift in Sources */,
				D8503DC51F66807C00ED0C84 /* VisitInteractorInput.swift in Sources */,
			);
			runOnlyForDeploymentPostprocessing = 0;
		};
		D8B94D651F5EA1FE00D373EF /* Sources */ = {
			isa = PBXSourcesBuildPhase;
			buildActionMask = 2147483647;
			files = (
				D897149E1F70CCCB00E846B9 /* traplineTests.swift in Sources */,
				D8B94D6E1F5EA1FE00D373EF /* traprTests.swift in Sources */,
				D89714A21F737B6A00E846B9 /* visitTests.swift in Sources */,
			);
			runOnlyForDeploymentPostprocessing = 0;
		};
/* End PBXSourcesBuildPhase section */

/* Begin PBXTargetDependency section */
		D8B94D6B1F5EA1FE00D373EF /* PBXTargetDependency */ = {
			isa = PBXTargetDependency;
			target = D8B94D541F5EA1FE00D373EF /* trapr */;
			targetProxy = D8B94D6A1F5EA1FE00D373EF /* PBXContainerItemProxy */;
		};
/* End PBXTargetDependency section */

/* Begin PBXVariantGroup section */
		D8B94D611F5EA1FE00D373EF /* LaunchScreen.storyboard */ = {
			isa = PBXVariantGroup;
			children = (
				D8B94D621F5EA1FE00D373EF /* Base */,
			);
			name = LaunchScreen.storyboard;
			sourceTree = "<group>";
		};
/* End PBXVariantGroup section */

/* Begin XCBuildConfiguration section */
		D8B94D701F5EA1FE00D373EF /* Debug */ = {
			isa = XCBuildConfiguration;
			buildSettings = {
				ALWAYS_SEARCH_USER_PATHS = NO;
				CLANG_ANALYZER_NONNULL = YES;
				CLANG_ANALYZER_NUMBER_OBJECT_CONVERSION = YES_AGGRESSIVE;
				CLANG_CXX_LANGUAGE_STANDARD = "gnu++0x";
				CLANG_CXX_LIBRARY = "libc++";
				CLANG_ENABLE_MODULES = YES;
				CLANG_ENABLE_OBJC_ARC = YES;
				CLANG_WARN_BOOL_CONVERSION = YES;
				CLANG_WARN_CONSTANT_CONVERSION = YES;
				CLANG_WARN_DIRECT_OBJC_ISA_USAGE = YES_ERROR;
				CLANG_WARN_DOCUMENTATION_COMMENTS = YES;
				CLANG_WARN_EMPTY_BODY = YES;
				CLANG_WARN_ENUM_CONVERSION = YES;
				CLANG_WARN_INFINITE_RECURSION = YES;
				CLANG_WARN_INT_CONVERSION = YES;
				CLANG_WARN_OBJC_ROOT_CLASS = YES_ERROR;
				CLANG_WARN_SUSPICIOUS_MOVE = YES;
				CLANG_WARN_UNREACHABLE_CODE = YES;
				CLANG_WARN__DUPLICATE_METHOD_MATCH = YES;
				"CODE_SIGN_IDENTITY[sdk=iphoneos*]" = "iPhone Developer";
				COPY_PHASE_STRIP = NO;
				DEBUG_INFORMATION_FORMAT = dwarf;
				ENABLE_STRICT_OBJC_MSGSEND = YES;
				ENABLE_TESTABILITY = YES;
				GCC_C_LANGUAGE_STANDARD = gnu99;
				GCC_DYNAMIC_NO_PIC = NO;
				GCC_NO_COMMON_BLOCKS = YES;
				GCC_OPTIMIZATION_LEVEL = 0;
				GCC_PREPROCESSOR_DEFINITIONS = (
					"DEBUG=1",
					"$(inherited)",
				);
				GCC_WARN_64_TO_32_BIT_CONVERSION = YES;
				GCC_WARN_ABOUT_RETURN_TYPE = YES_ERROR;
				GCC_WARN_UNDECLARED_SELECTOR = YES;
				GCC_WARN_UNINITIALIZED_AUTOS = YES_AGGRESSIVE;
				GCC_WARN_UNUSED_FUNCTION = YES;
				GCC_WARN_UNUSED_VARIABLE = YES;
				IPHONEOS_DEPLOYMENT_TARGET = 10.3;
				MTL_ENABLE_DEBUG_INFO = YES;
				ONLY_ACTIVE_ARCH = YES;
				SDKROOT = iphoneos;
				SWIFT_ACTIVE_COMPILATION_CONDITIONS = DEBUG;
				SWIFT_OPTIMIZATION_LEVEL = "-Onone";
			};
			name = Debug;
		};
		D8B94D711F5EA1FE00D373EF /* Release */ = {
			isa = XCBuildConfiguration;
			buildSettings = {
				ALWAYS_SEARCH_USER_PATHS = NO;
				CLANG_ANALYZER_NONNULL = YES;
				CLANG_ANALYZER_NUMBER_OBJECT_CONVERSION = YES_AGGRESSIVE;
				CLANG_CXX_LANGUAGE_STANDARD = "gnu++0x";
				CLANG_CXX_LIBRARY = "libc++";
				CLANG_ENABLE_MODULES = YES;
				CLANG_ENABLE_OBJC_ARC = YES;
				CLANG_WARN_BOOL_CONVERSION = YES;
				CLANG_WARN_CONSTANT_CONVERSION = YES;
				CLANG_WARN_DIRECT_OBJC_ISA_USAGE = YES_ERROR;
				CLANG_WARN_DOCUMENTATION_COMMENTS = YES;
				CLANG_WARN_EMPTY_BODY = YES;
				CLANG_WARN_ENUM_CONVERSION = YES;
				CLANG_WARN_INFINITE_RECURSION = YES;
				CLANG_WARN_INT_CONVERSION = YES;
				CLANG_WARN_OBJC_ROOT_CLASS = YES_ERROR;
				CLANG_WARN_SUSPICIOUS_MOVE = YES;
				CLANG_WARN_UNREACHABLE_CODE = YES;
				CLANG_WARN__DUPLICATE_METHOD_MATCH = YES;
				"CODE_SIGN_IDENTITY[sdk=iphoneos*]" = "iPhone Developer";
				COPY_PHASE_STRIP = NO;
				DEBUG_INFORMATION_FORMAT = "dwarf-with-dsym";
				ENABLE_NS_ASSERTIONS = NO;
				ENABLE_STRICT_OBJC_MSGSEND = YES;
				GCC_C_LANGUAGE_STANDARD = gnu99;
				GCC_NO_COMMON_BLOCKS = YES;
				GCC_WARN_64_TO_32_BIT_CONVERSION = YES;
				GCC_WARN_ABOUT_RETURN_TYPE = YES_ERROR;
				GCC_WARN_UNDECLARED_SELECTOR = YES;
				GCC_WARN_UNINITIALIZED_AUTOS = YES_AGGRESSIVE;
				GCC_WARN_UNUSED_FUNCTION = YES;
				GCC_WARN_UNUSED_VARIABLE = YES;
				IPHONEOS_DEPLOYMENT_TARGET = 10.3;
				MTL_ENABLE_DEBUG_INFO = NO;
				SDKROOT = iphoneos;
				SWIFT_OPTIMIZATION_LEVEL = "-Owholemodule";
				VALIDATE_PRODUCT = YES;
			};
			name = Release;
		};
		D8B94D731F5EA1FE00D373EF /* Debug */ = {
			isa = XCBuildConfiguration;
			baseConfigurationReference = A13BAE40424D5A9104CB3D85 /* Pods-trapr.debug.xcconfig */;
			buildSettings = {
				ASSETCATALOG_COMPILER_APPICON_NAME = AppIcon;
				DEVELOPMENT_TEAM = 2DTZ6ESMX9;
				INFOPLIST_FILE = trapr/Info.plist;
				LD_RUNPATH_SEARCH_PATHS = "$(inherited) @executable_path/Frameworks";
				PRODUCT_BUNDLE_IDENTIFIER = andrewtokeley.com.trapr;
				PRODUCT_NAME = "$(TARGET_NAME)";
				SWIFT_VERSION = 3.0;
			};
			name = Debug;
		};
		D8B94D741F5EA1FE00D373EF /* Release */ = {
			isa = XCBuildConfiguration;
			baseConfigurationReference = 3401E9024D5468D5D0E7B342 /* Pods-trapr.release.xcconfig */;
			buildSettings = {
				ASSETCATALOG_COMPILER_APPICON_NAME = AppIcon;
				DEVELOPMENT_TEAM = 2DTZ6ESMX9;
				INFOPLIST_FILE = trapr/Info.plist;
				LD_RUNPATH_SEARCH_PATHS = "$(inherited) @executable_path/Frameworks";
				PRODUCT_BUNDLE_IDENTIFIER = andrewtokeley.com.trapr;
				PRODUCT_NAME = "$(TARGET_NAME)";
				SWIFT_VERSION = 3.0;
			};
			name = Release;
		};
		D8B94D761F5EA1FE00D373EF /* Debug */ = {
			isa = XCBuildConfiguration;
			baseConfigurationReference = CB1480E579A12578A4F8D74D /* Pods-traprTests.debug.xcconfig */;
			buildSettings = {
				ALWAYS_EMBED_SWIFT_STANDARD_LIBRARIES = YES;
				BUNDLE_LOADER = "$(TEST_HOST)";
				INFOPLIST_FILE = traprTests/Info.plist;
				LD_RUNPATH_SEARCH_PATHS = "$(inherited) @executable_path/Frameworks @loader_path/Frameworks";
				PRODUCT_BUNDLE_IDENTIFIER = andrewtokeley.com.traprTests;
				PRODUCT_NAME = "$(TARGET_NAME)";
				SWIFT_VERSION = 3.0;
				TEST_HOST = "$(BUILT_PRODUCTS_DIR)/trapr.app/trapr";
			};
			name = Debug;
		};
		D8B94D771F5EA1FE00D373EF /* Release */ = {
			isa = XCBuildConfiguration;
			baseConfigurationReference = 97E006917605C37E780CC0B5 /* Pods-traprTests.release.xcconfig */;
			buildSettings = {
				ALWAYS_EMBED_SWIFT_STANDARD_LIBRARIES = YES;
				BUNDLE_LOADER = "$(TEST_HOST)";
				INFOPLIST_FILE = traprTests/Info.plist;
				LD_RUNPATH_SEARCH_PATHS = "$(inherited) @executable_path/Frameworks @loader_path/Frameworks";
				PRODUCT_BUNDLE_IDENTIFIER = andrewtokeley.com.traprTests;
				PRODUCT_NAME = "$(TARGET_NAME)";
				SWIFT_VERSION = 3.0;
				TEST_HOST = "$(BUILT_PRODUCTS_DIR)/trapr.app/trapr";
			};
			name = Release;
		};
/* End XCBuildConfiguration section */

/* Begin XCConfigurationList section */
		D8B94D501F5EA1FE00D373EF /* Build configuration list for PBXProject "trapr" */ = {
			isa = XCConfigurationList;
			buildConfigurations = (
				D8B94D701F5EA1FE00D373EF /* Debug */,
				D8B94D711F5EA1FE00D373EF /* Release */,
			);
			defaultConfigurationIsVisible = 0;
			defaultConfigurationName = Release;
		};
		D8B94D721F5EA1FE00D373EF /* Build configuration list for PBXNativeTarget "trapr" */ = {
			isa = XCConfigurationList;
			buildConfigurations = (
				D8B94D731F5EA1FE00D373EF /* Debug */,
				D8B94D741F5EA1FE00D373EF /* Release */,
			);
			defaultConfigurationIsVisible = 0;
			defaultConfigurationName = Release;
		};
		D8B94D751F5EA1FE00D373EF /* Build configuration list for PBXNativeTarget "traprTests" */ = {
			isa = XCConfigurationList;
			buildConfigurations = (
				D8B94D761F5EA1FE00D373EF /* Debug */,
				D8B94D771F5EA1FE00D373EF /* Release */,
			);
			defaultConfigurationIsVisible = 0;
			defaultConfigurationName = Release;
		};
/* End XCConfigurationList section */
	};
	rootObject = D8B94D4D1F5EA1FE00D373EF /* Project object */;
}
